// !$*UTF8*$!
{
	archiveVersion = 1;
	classes = {
	};
	objectVersion = 46;
	objects = {

/* Begin PBXBuildFile section */
		991CFE921A7B479500A8BC9A /* .gitignore in Resources */ = {isa = PBXBuildFile; fileRef = 991CFE741A7B479500A8BC9A /* .gitignore */; };
		991CFE931A7B479500A8BC9A /* Reachability.m in Sources */ = {isa = PBXBuildFile; fileRef = 991CFE771A7B479500A8BC9A /* Reachability.m */; };
		991CFE941A7B479500A8BC9A /* TDReachability.m in Sources */ = {isa = PBXBuildFile; fileRef = 991CFE791A7B479500A8BC9A /* TDReachability.m */; };
		991CFE951A7B479500A8BC9A /* NoticeView.bundle in Resources */ = {isa = PBXBuildFile; fileRef = 991CFE7B1A7B479500A8BC9A /* NoticeView.bundle */; };
		991CFE961A7B479500A8BC9A /* NSOperationQueue+WBNoticeExtensions.m in Sources */ = {isa = PBXBuildFile; fileRef = 991CFE7D1A7B479500A8BC9A /* NSOperationQueue+WBNoticeExtensions.m */; };
		991CFE971A7B479500A8BC9A /* UILabel+WBExtensions.m in Sources */ = {isa = PBXBuildFile; fileRef = 991CFE7F1A7B479500A8BC9A /* UILabel+WBExtensions.m */; };
		991CFE981A7B479500A8BC9A /* WBBlueGradientView.m in Sources */ = {isa = PBXBuildFile; fileRef = 991CFE811A7B479500A8BC9A /* WBBlueGradientView.m */; };
		991CFE991A7B479500A8BC9A /* WBErrorNoticeView.m in Sources */ = {isa = PBXBuildFile; fileRef = 991CFE831A7B479500A8BC9A /* WBErrorNoticeView.m */; };
		991CFE9A1A7B479500A8BC9A /* WBGrayGradientView.m in Sources */ = {isa = PBXBuildFile; fileRef = 991CFE851A7B479500A8BC9A /* WBGrayGradientView.m */; };
		991CFE9B1A7B479500A8BC9A /* WBNoticeOperation.m in Sources */ = {isa = PBXBuildFile; fileRef = 991CFE871A7B479500A8BC9A /* WBNoticeOperation.m */; };
		991CFE9C1A7B479500A8BC9A /* WBNoticeView.m in Sources */ = {isa = PBXBuildFile; fileRef = 991CFE8A1A7B479500A8BC9A /* WBNoticeView.m */; };
		991CFE9D1A7B479500A8BC9A /* WBRedGradientView.m in Sources */ = {isa = PBXBuildFile; fileRef = 991CFE8C1A7B479500A8BC9A /* WBRedGradientView.m */; };
		991CFE9E1A7B479500A8BC9A /* WBStickyNoticeView.m in Sources */ = {isa = PBXBuildFile; fileRef = 991CFE8E1A7B479500A8BC9A /* WBStickyNoticeView.m */; };
		991CFE9F1A7B479500A8BC9A /* WBSuccessNoticeView.m in Sources */ = {isa = PBXBuildFile; fileRef = 991CFE901A7B479500A8BC9A /* WBSuccessNoticeView.m */; };
		991CFEA01A7B479500A8BC9A /* README.md in Sources */ = {isa = PBXBuildFile; fileRef = 991CFE911A7B479500A8BC9A /* README.md */; };
		991CFECD1A7B668F00A8BC9A /* AFHTTPRequestOperation.m in Sources */ = {isa = PBXBuildFile; fileRef = 991CFEA51A7B668F00A8BC9A /* AFHTTPRequestOperation.m */; };
		991CFECE1A7B668F00A8BC9A /* AFHTTPRequestOperationManager.m in Sources */ = {isa = PBXBuildFile; fileRef = 991CFEA71A7B668F00A8BC9A /* AFHTTPRequestOperationManager.m */; };
		991CFECF1A7B668F00A8BC9A /* AFHTTPSessionManager.m in Sources */ = {isa = PBXBuildFile; fileRef = 991CFEA91A7B668F00A8BC9A /* AFHTTPSessionManager.m */; };
		991CFED01A7B668F00A8BC9A /* AFNetworkReachabilityManager.m in Sources */ = {isa = PBXBuildFile; fileRef = 991CFEAC1A7B668F00A8BC9A /* AFNetworkReachabilityManager.m */; };
		991CFED11A7B668F00A8BC9A /* AFSecurityPolicy.m in Sources */ = {isa = PBXBuildFile; fileRef = 991CFEAE1A7B668F00A8BC9A /* AFSecurityPolicy.m */; };
		991CFED21A7B668F00A8BC9A /* AFURLConnectionOperation.m in Sources */ = {isa = PBXBuildFile; fileRef = 991CFEB01A7B668F00A8BC9A /* AFURLConnectionOperation.m */; };
		991CFED31A7B668F00A8BC9A /* AFURLRequestSerialization.m in Sources */ = {isa = PBXBuildFile; fileRef = 991CFEB21A7B668F00A8BC9A /* AFURLRequestSerialization.m */; };
		991CFED41A7B668F00A8BC9A /* AFURLResponseSerialization.m in Sources */ = {isa = PBXBuildFile; fileRef = 991CFEB41A7B668F00A8BC9A /* AFURLResponseSerialization.m */; };
		991CFED51A7B668F00A8BC9A /* AFURLSessionManager.m in Sources */ = {isa = PBXBuildFile; fileRef = 991CFEB61A7B668F00A8BC9A /* AFURLSessionManager.m */; };
		991CFED61A7B668F00A8BC9A /* NSData+Base64.m in Sources */ = {isa = PBXBuildFile; fileRef = 991CFEB91A7B668F00A8BC9A /* NSData+Base64.m */; };
		991CFED71A7B668F00A8BC9A /* TBServices.m in Sources */ = {isa = PBXBuildFile; fileRef = 991CFEBB1A7B668F00A8BC9A /* TBServices.m */; };
		991CFED81A7B668F00A8BC9A /* AFNetworkActivityIndicatorManager.m in Sources */ = {isa = PBXBuildFile; fileRef = 991CFEBE1A7B668F00A8BC9A /* AFNetworkActivityIndicatorManager.m */; };
		991CFED91A7B668F00A8BC9A /* UIActivityIndicatorView+AFNetworking.m in Sources */ = {isa = PBXBuildFile; fileRef = 991CFEC01A7B668F00A8BC9A /* UIActivityIndicatorView+AFNetworking.m */; };
		991CFEDA1A7B668F00A8BC9A /* UIAlertView+AFNetworking.m in Sources */ = {isa = PBXBuildFile; fileRef = 991CFEC21A7B668F00A8BC9A /* UIAlertView+AFNetworking.m */; };
		991CFEDB1A7B668F00A8BC9A /* UIButton+AFNetworking.m in Sources */ = {isa = PBXBuildFile; fileRef = 991CFEC41A7B668F00A8BC9A /* UIButton+AFNetworking.m */; };
		991CFEDC1A7B668F00A8BC9A /* UIImageView+AFNetworking.m in Sources */ = {isa = PBXBuildFile; fileRef = 991CFEC61A7B668F00A8BC9A /* UIImageView+AFNetworking.m */; };
		991CFEDD1A7B668F00A8BC9A /* UIProgressView+AFNetworking.m in Sources */ = {isa = PBXBuildFile; fileRef = 991CFEC91A7B668F00A8BC9A /* UIProgressView+AFNetworking.m */; };
		991CFEDE1A7B668F00A8BC9A /* UIWebView+AFNetworking.m in Sources */ = {isa = PBXBuildFile; fileRef = 991CFECB1A7B668F00A8BC9A /* UIWebView+AFNetworking.m */; };
		991CFEE31A7B7E9300A8BC9A /* UIRefreshControl+AFNetworking.m in Sources */ = {isa = PBXBuildFile; fileRef = 991CFEE21A7B7E9300A8BC9A /* UIRefreshControl+AFNetworking.m */; };
		991CFEF11A7B814700A8BC9A /* .gitignore in Resources */ = {isa = PBXBuildFile; fileRef = 991CFEE91A7B814700A8BC9A /* .gitignore */; };
		991CFEF21A7B814700A8BC9A /* NSArray+TBCore.m in Sources */ = {isa = PBXBuildFile; fileRef = 991CFEEB1A7B814700A8BC9A /* NSArray+TBCore.m */; };
		991CFEF31A7B814700A8BC9A /* NSDictionary+TDCore.m in Sources */ = {isa = PBXBuildFile; fileRef = 991CFEED1A7B814700A8BC9A /* NSDictionary+TDCore.m */; };
		991CFEF41A7B814700A8BC9A /* NSString+TBCore.m in Sources */ = {isa = PBXBuildFile; fileRef = 991CFEEF1A7B814700A8BC9A /* NSString+TBCore.m */; };
		991CFEF51A7B814700A8BC9A /* README.md in Sources */ = {isa = PBXBuildFile; fileRef = 991CFEF01A7B814700A8BC9A /* README.md */; };
		991CFEFA1A7B820700A8BC9A /* README.md in Sources */ = {isa = PBXBuildFile; fileRef = 991CFEF71A7B820700A8BC9A /* README.md */; };
		991CFEFB1A7B820700A8BC9A /* TDMBProgressHUDManager.m in Sources */ = {isa = PBXBuildFile; fileRef = 991CFEF91A7B820700A8BC9A /* TDMBProgressHUDManager.m */; };
		991CFEFE1A7B826D00A8BC9A /* TBBaseObject.m in Sources */ = {isa = PBXBuildFile; fileRef = 991CFEFD1A7B826D00A8BC9A /* TBBaseObject.m */; };
		991CFF011A7B8CE900A8BC9A /* TBAlert.m in Sources */ = {isa = PBXBuildFile; fileRef = 991CFF001A7B8CE900A8BC9A /* TBAlert.m */; };
		9937F60F1A7A439D001ED8A8 /* .gitignore in Resources */ = {isa = PBXBuildFile; fileRef = 9937F6071A7A439D001ED8A8 /* .gitignore */; };
		9937F6101A7A439D001ED8A8 /* NSObject+File.m in Sources */ = {isa = PBXBuildFile; fileRef = 9937F6091A7A439D001ED8A8 /* NSObject+File.m */; };
		9937F6111A7A439D001ED8A8 /* README.md in Sources */ = {isa = PBXBuildFile; fileRef = 9937F60A1A7A439D001ED8A8 /* README.md */; };
		9937F6121A7A439D001ED8A8 /* UIViewController+TDLog.m in Sources */ = {isa = PBXBuildFile; fileRef = 9937F60E1A7A439D001ED8A8 /* UIViewController+TDLog.m */; };
		993ECCC61A7A2AA500861DE2 /* TBUserDefault.m in Sources */ = {isa = PBXBuildFile; fileRef = 993ECCC51A7A2AA500861DE2 /* TBUserDefault.m */; };
		99B19EA71A67E77900FA69CC /* Foundation.framework in Frameworks */ = {isa = PBXBuildFile; fileRef = 99B19EA61A67E77900FA69CC /* Foundation.framework */; };
		99B19EA91A67E77900FA69CC /* CoreGraphics.framework in Frameworks */ = {isa = PBXBuildFile; fileRef = 99B19EA81A67E77900FA69CC /* CoreGraphics.framework */; };
		99B19EAB1A67E77900FA69CC /* UIKit.framework in Frameworks */ = {isa = PBXBuildFile; fileRef = 99B19EAA1A67E77900FA69CC /* UIKit.framework */; };
		99B19EB11A67E77900FA69CC /* InfoPlist.strings in Resources */ = {isa = PBXBuildFile; fileRef = 99B19EAF1A67E77900FA69CC /* InfoPlist.strings */; };
		99B19EB31A67E77900FA69CC /* main.m in Sources */ = {isa = PBXBuildFile; fileRef = 99B19EB21A67E77900FA69CC /* main.m */; };
		99B19EBF1A67E77900FA69CC /* Images.xcassets in Resources */ = {isa = PBXBuildFile; fileRef = 99B19EBE1A67E77900FA69CC /* Images.xcassets */; };
		99B19EC61A67E77A00FA69CC /* XCTest.framework in Frameworks */ = {isa = PBXBuildFile; fileRef = 99B19EC51A67E77A00FA69CC /* XCTest.framework */; };
		99B19EC71A67E77A00FA69CC /* Foundation.framework in Frameworks */ = {isa = PBXBuildFile; fileRef = 99B19EA61A67E77900FA69CC /* Foundation.framework */; };
		99B19EC81A67E77A00FA69CC /* UIKit.framework in Frameworks */ = {isa = PBXBuildFile; fileRef = 99B19EAA1A67E77900FA69CC /* UIKit.framework */; };
		99B19ED01A67E77A00FA69CC /* InfoPlist.strings in Resources */ = {isa = PBXBuildFile; fileRef = 99B19ECE1A67E77A00FA69CC /* InfoPlist.strings */; };
		99B19ED21A67E77A00FA69CC /* TeamplateProjectTests.m in Sources */ = {isa = PBXBuildFile; fileRef = 99B19ED11A67E77A00FA69CC /* TeamplateProjectTests.m */; };
		99C262151A7A243C0070CCCC /* TBAppDelegate.m in Sources */ = {isa = PBXBuildFile; fileRef = 99C262001A7A243C0070CCCC /* TBAppDelegate.m */; };
		99C262161A7A243C0070CCCC /* Main.storyboard in Resources */ = {isa = PBXBuildFile; fileRef = 99C262081A7A243C0070CCCC /* Main.storyboard */; };
		99C262171A7A243C0070CCCC /* TBBaseViewController+Model.m in Sources */ = {isa = PBXBuildFile; fileRef = 99C2620E1A7A243C0070CCCC /* TBBaseViewController+Model.m */; };
		99C262181A7A243C0070CCCC /* TBBaseViewController+View.m in Sources */ = {isa = PBXBuildFile; fileRef = 99C262101A7A243C0070CCCC /* TBBaseViewController+View.m */; };
		99C262191A7A243C0070CCCC /* TBBaseViewController.m in Sources */ = {isa = PBXBuildFile; fileRef = 99C262121A7A243C0070CCCC /* TBBaseViewController.m */; };
		99C2621A1A7A243C0070CCCC /* TBViewController.m in Sources */ = {isa = PBXBuildFile; fileRef = 99C262141A7A243C0070CCCC /* TBViewController.m */; };
		99D37D4D1A7A26BF00617AEF /* TBHelpers.m in Sources */ = {isa = PBXBuildFile; fileRef = 99D37D4C1A7A26BF00617AEF /* TBHelpers.m */; };
/* End PBXBuildFile section */

/* Begin PBXContainerItemProxy section */
		99B19EC91A67E77A00FA69CC /* PBXContainerItemProxy */ = {
			isa = PBXContainerItemProxy;
			containerPortal = 99B19E9B1A67E77900FA69CC /* Project object */;
			proxyType = 1;
			remoteGlobalIDString = 99B19EA21A67E77900FA69CC;
			remoteInfo = TeamplateProject;
		};
/* End PBXContainerItemProxy section */

/* Begin PBXFileReference section */
		991CFE741A7B479500A8BC9A /* .gitignore */ = {isa = PBXFileReference; fileEncoding = 4; lastKnownFileType = text; path = .gitignore; sourceTree = "<group>"; };
		991CFE761A7B479500A8BC9A /* Reachability.h */ = {isa = PBXFileReference; fileEncoding = 4; lastKnownFileType = sourcecode.c.h; path = Reachability.h; sourceTree = "<group>"; };
		991CFE771A7B479500A8BC9A /* Reachability.m */ = {isa = PBXFileReference; fileEncoding = 4; lastKnownFileType = sourcecode.c.objc; path = Reachability.m; sourceTree = "<group>"; };
		991CFE781A7B479500A8BC9A /* TDReachability.h */ = {isa = PBXFileReference; fileEncoding = 4; lastKnownFileType = sourcecode.c.h; path = TDReachability.h; sourceTree = "<group>"; };
		991CFE791A7B479500A8BC9A /* TDReachability.m */ = {isa = PBXFileReference; fileEncoding = 4; lastKnownFileType = sourcecode.c.objc; path = TDReachability.m; sourceTree = "<group>"; };
		991CFE7B1A7B479500A8BC9A /* NoticeView.bundle */ = {isa = PBXFileReference; lastKnownFileType = "wrapper.plug-in"; path = NoticeView.bundle; sourceTree = "<group>"; };
		991CFE7C1A7B479500A8BC9A /* NSOperationQueue+WBNoticeExtensions.h */ = {isa = PBXFileReference; fileEncoding = 4; lastKnownFileType = sourcecode.c.h; path = "NSOperationQueue+WBNoticeExtensions.h"; sourceTree = "<group>"; };
		991CFE7D1A7B479500A8BC9A /* NSOperationQueue+WBNoticeExtensions.m */ = {isa = PBXFileReference; fileEncoding = 4; lastKnownFileType = sourcecode.c.objc; path = "NSOperationQueue+WBNoticeExtensions.m"; sourceTree = "<group>"; };
		991CFE7E1A7B479500A8BC9A /* UILabel+WBExtensions.h */ = {isa = PBXFileReference; fileEncoding = 4; lastKnownFileType = sourcecode.c.h; path = "UILabel+WBExtensions.h"; sourceTree = "<group>"; };
		991CFE7F1A7B479500A8BC9A /* UILabel+WBExtensions.m */ = {isa = PBXFileReference; fileEncoding = 4; lastKnownFileType = sourcecode.c.objc; path = "UILabel+WBExtensions.m"; sourceTree = "<group>"; };
		991CFE801A7B479500A8BC9A /* WBBlueGradientView.h */ = {isa = PBXFileReference; fileEncoding = 4; lastKnownFileType = sourcecode.c.h; path = WBBlueGradientView.h; sourceTree = "<group>"; };
		991CFE811A7B479500A8BC9A /* WBBlueGradientView.m */ = {isa = PBXFileReference; fileEncoding = 4; lastKnownFileType = sourcecode.c.objc; path = WBBlueGradientView.m; sourceTree = "<group>"; };
		991CFE821A7B479500A8BC9A /* WBErrorNoticeView.h */ = {isa = PBXFileReference; fileEncoding = 4; lastKnownFileType = sourcecode.c.h; path = WBErrorNoticeView.h; sourceTree = "<group>"; };
		991CFE831A7B479500A8BC9A /* WBErrorNoticeView.m */ = {isa = PBXFileReference; fileEncoding = 4; lastKnownFileType = sourcecode.c.objc; path = WBErrorNoticeView.m; sourceTree = "<group>"; };
		991CFE841A7B479500A8BC9A /* WBGrayGradientView.h */ = {isa = PBXFileReference; fileEncoding = 4; lastKnownFileType = sourcecode.c.h; path = WBGrayGradientView.h; sourceTree = "<group>"; };
		991CFE851A7B479500A8BC9A /* WBGrayGradientView.m */ = {isa = PBXFileReference; fileEncoding = 4; lastKnownFileType = sourcecode.c.objc; path = WBGrayGradientView.m; sourceTree = "<group>"; };
		991CFE861A7B479500A8BC9A /* WBNoticeOperation.h */ = {isa = PBXFileReference; fileEncoding = 4; lastKnownFileType = sourcecode.c.h; path = WBNoticeOperation.h; sourceTree = "<group>"; };
		991CFE871A7B479500A8BC9A /* WBNoticeOperation.m */ = {isa = PBXFileReference; fileEncoding = 4; lastKnownFileType = sourcecode.c.objc; path = WBNoticeOperation.m; sourceTree = "<group>"; };
		991CFE881A7B479500A8BC9A /* WBNoticeView+ForSubclassEyesOnly.h */ = {isa = PBXFileReference; fileEncoding = 4; lastKnownFileType = sourcecode.c.h; path = "WBNoticeView+ForSubclassEyesOnly.h"; sourceTree = "<group>"; };
		991CFE891A7B479500A8BC9A /* WBNoticeView.h */ = {isa = PBXFileReference; fileEncoding = 4; lastKnownFileType = sourcecode.c.h; path = WBNoticeView.h; sourceTree = "<group>"; };
		991CFE8A1A7B479500A8BC9A /* WBNoticeView.m */ = {isa = PBXFileReference; fileEncoding = 4; lastKnownFileType = sourcecode.c.objc; path = WBNoticeView.m; sourceTree = "<group>"; };
		991CFE8B1A7B479500A8BC9A /* WBRedGradientView.h */ = {isa = PBXFileReference; fileEncoding = 4; lastKnownFileType = sourcecode.c.h; path = WBRedGradientView.h; sourceTree = "<group>"; };
		991CFE8C1A7B479500A8BC9A /* WBRedGradientView.m */ = {isa = PBXFileReference; fileEncoding = 4; lastKnownFileType = sourcecode.c.objc; path = WBRedGradientView.m; sourceTree = "<group>"; };
		991CFE8D1A7B479500A8BC9A /* WBStickyNoticeView.h */ = {isa = PBXFileReference; fileEncoding = 4; lastKnownFileType = sourcecode.c.h; path = WBStickyNoticeView.h; sourceTree = "<group>"; };
		991CFE8E1A7B479500A8BC9A /* WBStickyNoticeView.m */ = {isa = PBXFileReference; fileEncoding = 4; lastKnownFileType = sourcecode.c.objc; path = WBStickyNoticeView.m; sourceTree = "<group>"; };
		991CFE8F1A7B479500A8BC9A /* WBSuccessNoticeView.h */ = {isa = PBXFileReference; fileEncoding = 4; lastKnownFileType = sourcecode.c.h; path = WBSuccessNoticeView.h; sourceTree = "<group>"; };
		991CFE901A7B479500A8BC9A /* WBSuccessNoticeView.m */ = {isa = PBXFileReference; fileEncoding = 4; lastKnownFileType = sourcecode.c.objc; path = WBSuccessNoticeView.m; sourceTree = "<group>"; };
		991CFE911A7B479500A8BC9A /* README.md */ = {isa = PBXFileReference; fileEncoding = 4; lastKnownFileType = net.daringfireball.markdown; path = README.md; sourceTree = "<group>"; };
		991CFEA41A7B668F00A8BC9A /* AFHTTPRequestOperation.h */ = {isa = PBXFileReference; fileEncoding = 4; lastKnownFileType = sourcecode.c.h; path = AFHTTPRequestOperation.h; sourceTree = "<group>"; };
		991CFEA51A7B668F00A8BC9A /* AFHTTPRequestOperation.m */ = {isa = PBXFileReference; fileEncoding = 4; lastKnownFileType = sourcecode.c.objc; path = AFHTTPRequestOperation.m; sourceTree = "<group>"; };
		991CFEA61A7B668F00A8BC9A /* AFHTTPRequestOperationManager.h */ = {isa = PBXFileReference; fileEncoding = 4; lastKnownFileType = sourcecode.c.h; path = AFHTTPRequestOperationManager.h; sourceTree = "<group>"; };
		991CFEA71A7B668F00A8BC9A /* AFHTTPRequestOperationManager.m */ = {isa = PBXFileReference; fileEncoding = 4; lastKnownFileType = sourcecode.c.objc; path = AFHTTPRequestOperationManager.m; sourceTree = "<group>"; };
		991CFEA81A7B668F00A8BC9A /* AFHTTPSessionManager.h */ = {isa = PBXFileReference; fileEncoding = 4; lastKnownFileType = sourcecode.c.h; path = AFHTTPSessionManager.h; sourceTree = "<group>"; };
		991CFEA91A7B668F00A8BC9A /* AFHTTPSessionManager.m */ = {isa = PBXFileReference; fileEncoding = 4; lastKnownFileType = sourcecode.c.objc; path = AFHTTPSessionManager.m; sourceTree = "<group>"; };
		991CFEAA1A7B668F00A8BC9A /* AFNetworking.h */ = {isa = PBXFileReference; fileEncoding = 4; lastKnownFileType = sourcecode.c.h; path = AFNetworking.h; sourceTree = "<group>"; };
		991CFEAB1A7B668F00A8BC9A /* AFNetworkReachabilityManager.h */ = {isa = PBXFileReference; fileEncoding = 4; lastKnownFileType = sourcecode.c.h; path = AFNetworkReachabilityManager.h; sourceTree = "<group>"; };
		991CFEAC1A7B668F00A8BC9A /* AFNetworkReachabilityManager.m */ = {isa = PBXFileReference; fileEncoding = 4; lastKnownFileType = sourcecode.c.objc; path = AFNetworkReachabilityManager.m; sourceTree = "<group>"; };
		991CFEAD1A7B668F00A8BC9A /* AFSecurityPolicy.h */ = {isa = PBXFileReference; fileEncoding = 4; lastKnownFileType = sourcecode.c.h; path = AFSecurityPolicy.h; sourceTree = "<group>"; };
		991CFEAE1A7B668F00A8BC9A /* AFSecurityPolicy.m */ = {isa = PBXFileReference; fileEncoding = 4; lastKnownFileType = sourcecode.c.objc; path = AFSecurityPolicy.m; sourceTree = "<group>"; };
		991CFEAF1A7B668F00A8BC9A /* AFURLConnectionOperation.h */ = {isa = PBXFileReference; fileEncoding = 4; lastKnownFileType = sourcecode.c.h; path = AFURLConnectionOperation.h; sourceTree = "<group>"; };
		991CFEB01A7B668F00A8BC9A /* AFURLConnectionOperation.m */ = {isa = PBXFileReference; fileEncoding = 4; lastKnownFileType = sourcecode.c.objc; path = AFURLConnectionOperation.m; sourceTree = "<group>"; };
		991CFEB11A7B668F00A8BC9A /* AFURLRequestSerialization.h */ = {isa = PBXFileReference; fileEncoding = 4; lastKnownFileType = sourcecode.c.h; path = AFURLRequestSerialization.h; sourceTree = "<group>"; };
		991CFEB21A7B668F00A8BC9A /* AFURLRequestSerialization.m */ = {isa = PBXFileReference; fileEncoding = 4; lastKnownFileType = sourcecode.c.objc; path = AFURLRequestSerialization.m; sourceTree = "<group>"; };
		991CFEB31A7B668F00A8BC9A /* AFURLResponseSerialization.h */ = {isa = PBXFileReference; fileEncoding = 4; lastKnownFileType = sourcecode.c.h; path = AFURLResponseSerialization.h; sourceTree = "<group>"; };
		991CFEB41A7B668F00A8BC9A /* AFURLResponseSerialization.m */ = {isa = PBXFileReference; fileEncoding = 4; lastKnownFileType = sourcecode.c.objc; path = AFURLResponseSerialization.m; sourceTree = "<group>"; };
		991CFEB51A7B668F00A8BC9A /* AFURLSessionManager.h */ = {isa = PBXFileReference; fileEncoding = 4; lastKnownFileType = sourcecode.c.h; path = AFURLSessionManager.h; sourceTree = "<group>"; };
		991CFEB61A7B668F00A8BC9A /* AFURLSessionManager.m */ = {isa = PBXFileReference; fileEncoding = 4; lastKnownFileType = sourcecode.c.objc; path = AFURLSessionManager.m; sourceTree = "<group>"; };
		991CFEB81A7B668F00A8BC9A /* NSData+Base64.h */ = {isa = PBXFileReference; fileEncoding = 4; lastKnownFileType = sourcecode.c.h; path = "NSData+Base64.h"; sourceTree = "<group>"; };
		991CFEB91A7B668F00A8BC9A /* NSData+Base64.m */ = {isa = PBXFileReference; fileEncoding = 4; lastKnownFileType = sourcecode.c.objc; path = "NSData+Base64.m"; sourceTree = "<group>"; };
		991CFEBA1A7B668F00A8BC9A /* TBServices.h */ = {isa = PBXFileReference; fileEncoding = 4; lastKnownFileType = sourcecode.c.h; path = TBServices.h; sourceTree = "<group>"; };
		991CFEBB1A7B668F00A8BC9A /* TBServices.m */ = {isa = PBXFileReference; fileEncoding = 4; lastKnownFileType = sourcecode.c.objc; path = TBServices.m; sourceTree = "<group>"; };
		991CFEBD1A7B668F00A8BC9A /* AFNetworkActivityIndicatorManager.h */ = {isa = PBXFileReference; fileEncoding = 4; lastKnownFileType = sourcecode.c.h; path = AFNetworkActivityIndicatorManager.h; sourceTree = "<group>"; };
		991CFEBE1A7B668F00A8BC9A /* AFNetworkActivityIndicatorManager.m */ = {isa = PBXFileReference; fileEncoding = 4; lastKnownFileType = sourcecode.c.objc; path = AFNetworkActivityIndicatorManager.m; sourceTree = "<group>"; };
		991CFEBF1A7B668F00A8BC9A /* UIActivityIndicatorView+AFNetworking.h */ = {isa = PBXFileReference; fileEncoding = 4; lastKnownFileType = sourcecode.c.h; path = "UIActivityIndicatorView+AFNetworking.h"; sourceTree = "<group>"; };
		991CFEC01A7B668F00A8BC9A /* UIActivityIndicatorView+AFNetworking.m */ = {isa = PBXFileReference; fileEncoding = 4; lastKnownFileType = sourcecode.c.objc; path = "UIActivityIndicatorView+AFNetworking.m"; sourceTree = "<group>"; };
		991CFEC11A7B668F00A8BC9A /* UIAlertView+AFNetworking.h */ = {isa = PBXFileReference; fileEncoding = 4; lastKnownFileType = sourcecode.c.h; path = "UIAlertView+AFNetworking.h"; sourceTree = "<group>"; };
		991CFEC21A7B668F00A8BC9A /* UIAlertView+AFNetworking.m */ = {isa = PBXFileReference; fileEncoding = 4; lastKnownFileType = sourcecode.c.objc; path = "UIAlertView+AFNetworking.m"; sourceTree = "<group>"; };
		991CFEC31A7B668F00A8BC9A /* UIButton+AFNetworking.h */ = {isa = PBXFileReference; fileEncoding = 4; lastKnownFileType = sourcecode.c.h; path = "UIButton+AFNetworking.h"; sourceTree = "<group>"; };
		991CFEC41A7B668F00A8BC9A /* UIButton+AFNetworking.m */ = {isa = PBXFileReference; fileEncoding = 4; lastKnownFileType = sourcecode.c.objc; path = "UIButton+AFNetworking.m"; sourceTree = "<group>"; };
		991CFEC51A7B668F00A8BC9A /* UIImageView+AFNetworking.h */ = {isa = PBXFileReference; fileEncoding = 4; lastKnownFileType = sourcecode.c.h; path = "UIImageView+AFNetworking.h"; sourceTree = "<group>"; };
		991CFEC61A7B668F00A8BC9A /* UIImageView+AFNetworking.m */ = {isa = PBXFileReference; fileEncoding = 4; lastKnownFileType = sourcecode.c.objc; path = "UIImageView+AFNetworking.m"; sourceTree = "<group>"; };
		991CFEC71A7B668F00A8BC9A /* UIKit+AFNetworking.h */ = {isa = PBXFileReference; fileEncoding = 4; lastKnownFileType = sourcecode.c.h; path = "UIKit+AFNetworking.h"; sourceTree = "<group>"; };
		991CFEC81A7B668F00A8BC9A /* UIProgressView+AFNetworking.h */ = {isa = PBXFileReference; fileEncoding = 4; lastKnownFileType = sourcecode.c.h; path = "UIProgressView+AFNetworking.h"; sourceTree = "<group>"; };
		991CFEC91A7B668F00A8BC9A /* UIProgressView+AFNetworking.m */ = {isa = PBXFileReference; fileEncoding = 4; lastKnownFileType = sourcecode.c.objc; path = "UIProgressView+AFNetworking.m"; sourceTree = "<group>"; };
		991CFECA1A7B668F00A8BC9A /* UIWebView+AFNetworking.h */ = {isa = PBXFileReference; fileEncoding = 4; lastKnownFileType = sourcecode.c.h; path = "UIWebView+AFNetworking.h"; sourceTree = "<group>"; };
		991CFECB1A7B668F00A8BC9A /* UIWebView+AFNetworking.m */ = {isa = PBXFileReference; fileEncoding = 4; lastKnownFileType = sourcecode.c.objc; path = "UIWebView+AFNetworking.m"; sourceTree = "<group>"; };
		991CFEE11A7B7E9300A8BC9A /* UIRefreshControl+AFNetworking.h */ = {isa = PBXFileReference; fileEncoding = 4; lastKnownFileType = sourcecode.c.h; path = "UIRefreshControl+AFNetworking.h"; sourceTree = "<group>"; };
		991CFEE21A7B7E9300A8BC9A /* UIRefreshControl+AFNetworking.m */ = {isa = PBXFileReference; fileEncoding = 4; lastKnownFileType = sourcecode.c.objc; path = "UIRefreshControl+AFNetworking.m"; sourceTree = "<group>"; };
		991CFEE91A7B814700A8BC9A /* .gitignore */ = {isa = PBXFileReference; fileEncoding = 4; lastKnownFileType = text; path = .gitignore; sourceTree = "<group>"; };
		991CFEEA1A7B814700A8BC9A /* NSArray+TBCore.h */ = {isa = PBXFileReference; fileEncoding = 4; lastKnownFileType = sourcecode.c.h; path = "NSArray+TBCore.h"; sourceTree = "<group>"; };
		991CFEEB1A7B814700A8BC9A /* NSArray+TBCore.m */ = {isa = PBXFileReference; fileEncoding = 4; lastKnownFileType = sourcecode.c.objc; path = "NSArray+TBCore.m"; sourceTree = "<group>"; };
		991CFEEC1A7B814700A8BC9A /* NSDictionary+TDCore.h */ = {isa = PBXFileReference; fileEncoding = 4; lastKnownFileType = sourcecode.c.h; path = "NSDictionary+TDCore.h"; sourceTree = "<group>"; };
		991CFEED1A7B814700A8BC9A /* NSDictionary+TDCore.m */ = {isa = PBXFileReference; fileEncoding = 4; lastKnownFileType = sourcecode.c.objc; path = "NSDictionary+TDCore.m"; sourceTree = "<group>"; };
		991CFEEE1A7B814700A8BC9A /* NSString+TBCore.h */ = {isa = PBXFileReference; fileEncoding = 4; lastKnownFileType = sourcecode.c.h; path = "NSString+TBCore.h"; sourceTree = "<group>"; };
		991CFEEF1A7B814700A8BC9A /* NSString+TBCore.m */ = {isa = PBXFileReference; fileEncoding = 4; lastKnownFileType = sourcecode.c.objc; path = "NSString+TBCore.m"; sourceTree = "<group>"; };
		991CFEF01A7B814700A8BC9A /* README.md */ = {isa = PBXFileReference; fileEncoding = 4; lastKnownFileType = net.daringfireball.markdown; path = README.md; sourceTree = "<group>"; };
		991CFEF71A7B820700A8BC9A /* README.md */ = {isa = PBXFileReference; fileEncoding = 4; lastKnownFileType = net.daringfireball.markdown; path = README.md; sourceTree = "<group>"; };
		991CFEF81A7B820700A8BC9A /* TDMBProgressHUDManager.h */ = {isa = PBXFileReference; fileEncoding = 4; lastKnownFileType = sourcecode.c.h; path = TDMBProgressHUDManager.h; sourceTree = "<group>"; };
		991CFEF91A7B820700A8BC9A /* TDMBProgressHUDManager.m */ = {isa = PBXFileReference; fileEncoding = 4; lastKnownFileType = sourcecode.c.objc; path = TDMBProgressHUDManager.m; sourceTree = "<group>"; };
		991CFEFC1A7B826D00A8BC9A /* TBBaseObject.h */ = {isa = PBXFileReference; fileEncoding = 4; lastKnownFileType = sourcecode.c.h; path = TBBaseObject.h; sourceTree = "<group>"; };
		991CFEFD1A7B826D00A8BC9A /* TBBaseObject.m */ = {isa = PBXFileReference; fileEncoding = 4; lastKnownFileType = sourcecode.c.objc; path = TBBaseObject.m; sourceTree = "<group>"; };
		991CFEFF1A7B8CE900A8BC9A /* TBAlert.h */ = {isa = PBXFileReference; fileEncoding = 4; lastKnownFileType = sourcecode.c.h; path = TBAlert.h; sourceTree = "<group>"; };
		991CFF001A7B8CE900A8BC9A /* TBAlert.m */ = {isa = PBXFileReference; fileEncoding = 4; lastKnownFileType = sourcecode.c.objc; path = TBAlert.m; sourceTree = "<group>"; };
		9937F6071A7A439D001ED8A8 /* .gitignore */ = {isa = PBXFileReference; fileEncoding = 4; lastKnownFileType = text; path = .gitignore; sourceTree = "<group>"; };
		9937F6081A7A439D001ED8A8 /* NSObject+File.h */ = {isa = PBXFileReference; fileEncoding = 4; lastKnownFileType = sourcecode.c.h; path = "NSObject+File.h"; sourceTree = "<group>"; };
		9937F6091A7A439D001ED8A8 /* NSObject+File.m */ = {isa = PBXFileReference; fileEncoding = 4; lastKnownFileType = sourcecode.c.objc; path = "NSObject+File.m"; sourceTree = "<group>"; };
		9937F60A1A7A439D001ED8A8 /* README.md */ = {isa = PBXFileReference; fileEncoding = 4; lastKnownFileType = net.daringfireball.markdown; path = README.md; sourceTree = "<group>"; };
		9937F60B1A7A439D001ED8A8 /* TDEngineLog.h */ = {isa = PBXFileReference; fileEncoding = 4; lastKnownFileType = sourcecode.c.h; path = TDEngineLog.h; sourceTree = "<group>"; };
		9937F60C1A7A439D001ED8A8 /* TDLog.h */ = {isa = PBXFileReference; fileEncoding = 4; lastKnownFileType = sourcecode.c.h; path = TDLog.h; sourceTree = "<group>"; };
		9937F60D1A7A439D001ED8A8 /* UIViewController+TDLog.h */ = {isa = PBXFileReference; fileEncoding = 4; lastKnownFileType = sourcecode.c.h; path = "UIViewController+TDLog.h"; sourceTree = "<group>"; };
		9937F60E1A7A439D001ED8A8 /* UIViewController+TDLog.m */ = {isa = PBXFileReference; fileEncoding = 4; lastKnownFileType = sourcecode.c.objc; path = "UIViewController+TDLog.m"; sourceTree = "<group>"; };
		993ECCC41A7A2AA500861DE2 /* TBUserDefault.h */ = {isa = PBXFileReference; fileEncoding = 4; lastKnownFileType = sourcecode.c.h; path = TBUserDefault.h; sourceTree = "<group>"; };
		993ECCC51A7A2AA500861DE2 /* TBUserDefault.m */ = {isa = PBXFileReference; fileEncoding = 4; lastKnownFileType = sourcecode.c.objc; path = TBUserDefault.m; sourceTree = "<group>"; };
		99B19EA31A67E77900FA69CC /* TeamplateProject.app */ = {isa = PBXFileReference; explicitFileType = wrapper.application; includeInIndex = 0; path = TeamplateProject.app; sourceTree = BUILT_PRODUCTS_DIR; };
		99B19EA61A67E77900FA69CC /* Foundation.framework */ = {isa = PBXFileReference; lastKnownFileType = wrapper.framework; name = Foundation.framework; path = System/Library/Frameworks/Foundation.framework; sourceTree = SDKROOT; };
		99B19EA81A67E77900FA69CC /* CoreGraphics.framework */ = {isa = PBXFileReference; lastKnownFileType = wrapper.framework; name = CoreGraphics.framework; path = System/Library/Frameworks/CoreGraphics.framework; sourceTree = SDKROOT; };
		99B19EAA1A67E77900FA69CC /* UIKit.framework */ = {isa = PBXFileReference; lastKnownFileType = wrapper.framework; name = UIKit.framework; path = System/Library/Frameworks/UIKit.framework; sourceTree = SDKROOT; };
		99B19EAE1A67E77900FA69CC /* TeamplateProject-Info.plist */ = {isa = PBXFileReference; lastKnownFileType = text.plist.xml; path = "TeamplateProject-Info.plist"; sourceTree = "<group>"; };
		99B19EB01A67E77900FA69CC /* en */ = {isa = PBXFileReference; lastKnownFileType = text.plist.strings; name = en; path = en.lproj/InfoPlist.strings; sourceTree = "<group>"; };
		99B19EB21A67E77900FA69CC /* main.m */ = {isa = PBXFileReference; lastKnownFileType = sourcecode.c.objc; path = main.m; sourceTree = "<group>"; };
		99B19EB41A67E77900FA69CC /* TeamplateProject-Prefix.pch */ = {isa = PBXFileReference; lastKnownFileType = sourcecode.c.h; path = "TeamplateProject-Prefix.pch"; sourceTree = "<group>"; };
		99B19EBE1A67E77900FA69CC /* Images.xcassets */ = {isa = PBXFileReference; lastKnownFileType = folder.assetcatalog; path = Images.xcassets; sourceTree = "<group>"; };
		99B19EC41A67E77A00FA69CC /* TeamplateProjectTests.xctest */ = {isa = PBXFileReference; explicitFileType = wrapper.cfbundle; includeInIndex = 0; path = TeamplateProjectTests.xctest; sourceTree = BUILT_PRODUCTS_DIR; };
		99B19EC51A67E77A00FA69CC /* XCTest.framework */ = {isa = PBXFileReference; lastKnownFileType = wrapper.framework; name = XCTest.framework; path = Library/Frameworks/XCTest.framework; sourceTree = DEVELOPER_DIR; };
		99B19ECD1A67E77A00FA69CC /* TeamplateProjectTests-Info.plist */ = {isa = PBXFileReference; lastKnownFileType = text.plist.xml; path = "TeamplateProjectTests-Info.plist"; sourceTree = "<group>"; };
		99B19ECF1A67E77A00FA69CC /* en */ = {isa = PBXFileReference; lastKnownFileType = text.plist.strings; name = en; path = en.lproj/InfoPlist.strings; sourceTree = "<group>"; };
		99B19ED11A67E77A00FA69CC /* TeamplateProjectTests.m */ = {isa = PBXFileReference; lastKnownFileType = sourcecode.c.objc; path = TeamplateProjectTests.m; sourceTree = "<group>"; };
		99C261FF1A7A243C0070CCCC /* TBAppDelegate.h */ = {isa = PBXFileReference; fileEncoding = 4; lastKnownFileType = sourcecode.c.h; path = TBAppDelegate.h; sourceTree = "<group>"; };
		99C262001A7A243C0070CCCC /* TBAppDelegate.m */ = {isa = PBXFileReference; fileEncoding = 4; lastKnownFileType = sourcecode.c.objc; path = TBAppDelegate.m; sourceTree = "<group>"; };
		99C262081A7A243C0070CCCC /* Main.storyboard */ = {isa = PBXFileReference; fileEncoding = 4; lastKnownFileType = file.storyboard; path = Main.storyboard; sourceTree = "<group>"; };
		99C2620D1A7A243C0070CCCC /* TBBaseViewController+Model.h */ = {isa = PBXFileReference; fileEncoding = 4; lastKnownFileType = sourcecode.c.h; path = "TBBaseViewController+Model.h"; sourceTree = "<group>"; };
		99C2620E1A7A243C0070CCCC /* TBBaseViewController+Model.m */ = {isa = PBXFileReference; fileEncoding = 4; lastKnownFileType = sourcecode.c.objc; path = "TBBaseViewController+Model.m"; sourceTree = "<group>"; };
		99C2620F1A7A243C0070CCCC /* TBBaseViewController+View.h */ = {isa = PBXFileReference; fileEncoding = 4; lastKnownFileType = sourcecode.c.h; path = "TBBaseViewController+View.h"; sourceTree = "<group>"; };
		99C262101A7A243C0070CCCC /* TBBaseViewController+View.m */ = {isa = PBXFileReference; fileEncoding = 4; lastKnownFileType = sourcecode.c.objc; path = "TBBaseViewController+View.m"; sourceTree = "<group>"; };
		99C262111A7A243C0070CCCC /* TBBaseViewController.h */ = {isa = PBXFileReference; fileEncoding = 4; lastKnownFileType = sourcecode.c.h; path = TBBaseViewController.h; sourceTree = "<group>"; };
		99C262121A7A243C0070CCCC /* TBBaseViewController.m */ = {isa = PBXFileReference; fileEncoding = 4; lastKnownFileType = sourcecode.c.objc; path = TBBaseViewController.m; sourceTree = "<group>"; };
		99C262131A7A243C0070CCCC /* TBViewController.h */ = {isa = PBXFileReference; fileEncoding = 4; lastKnownFileType = sourcecode.c.h; path = TBViewController.h; sourceTree = "<group>"; };
		99C262141A7A243C0070CCCC /* TBViewController.m */ = {isa = PBXFileReference; fileEncoding = 4; lastKnownFileType = sourcecode.c.objc; path = TBViewController.m; sourceTree = "<group>"; };
		99D37D4B1A7A26BF00617AEF /* TBHelpers.h */ = {isa = PBXFileReference; fileEncoding = 4; lastKnownFileType = sourcecode.c.h; path = TBHelpers.h; sourceTree = "<group>"; };
		99D37D4C1A7A26BF00617AEF /* TBHelpers.m */ = {isa = PBXFileReference; fileEncoding = 4; lastKnownFileType = sourcecode.c.objc; path = TBHelpers.m; sourceTree = "<group>"; };
/* End PBXFileReference section */

/* Begin PBXFrameworksBuildPhase section */
		99B19EA01A67E77900FA69CC /* Frameworks */ = {
			isa = PBXFrameworksBuildPhase;
			buildActionMask = 2147483647;
			files = (
				99B19EA91A67E77900FA69CC /* CoreGraphics.framework in Frameworks */,
				99B19EAB1A67E77900FA69CC /* UIKit.framework in Frameworks */,
				99B19EA71A67E77900FA69CC /* Foundation.framework in Frameworks */,
			);
			runOnlyForDeploymentPostprocessing = 0;
		};
		99B19EC11A67E77A00FA69CC /* Frameworks */ = {
			isa = PBXFrameworksBuildPhase;
			buildActionMask = 2147483647;
			files = (
				99B19EC61A67E77A00FA69CC /* XCTest.framework in Frameworks */,
				99B19EC81A67E77A00FA69CC /* UIKit.framework in Frameworks */,
				99B19EC71A67E77A00FA69CC /* Foundation.framework in Frameworks */,
			);
			runOnlyForDeploymentPostprocessing = 0;
		};
/* End PBXFrameworksBuildPhase section */

/* Begin PBXGroup section */
		991CFE731A7B479500A8BC9A /* TBServices */ = {
			isa = PBXGroup;
			children = (
				991CFEA11A7B668F00A8BC9A /* AFNetworking */,
				991CFEB71A7B668F00A8BC9A /* base64 */,
				991CFEBA1A7B668F00A8BC9A /* TBServices.h */,
				991CFEBB1A7B668F00A8BC9A /* TBServices.m */,
				991CFEBC1A7B668F00A8BC9A /* UIKit+AFNetworking */,
				991CFE741A7B479500A8BC9A /* .gitignore */,
				991CFE751A7B479500A8BC9A /* Reachability */,
				991CFE911A7B479500A8BC9A /* README.md */,
			);
			path = TBServices;
			sourceTree = "<group>";
		};
		991CFE751A7B479500A8BC9A /* Reachability */ = {
			isa = PBXGroup;
			children = (
				991CFE761A7B479500A8BC9A /* Reachability.h */,
				991CFE771A7B479500A8BC9A /* Reachability.m */,
				991CFE781A7B479500A8BC9A /* TDReachability.h */,
				991CFE791A7B479500A8BC9A /* TDReachability.m */,
				991CFE7A1A7B479500A8BC9A /* WBNoticeView */,
			);
			path = Reachability;
			sourceTree = "<group>";
		};
		991CFE7A1A7B479500A8BC9A /* WBNoticeView */ = {
			isa = PBXGroup;
			children = (
				991CFE7B1A7B479500A8BC9A /* NoticeView.bundle */,
				991CFE7C1A7B479500A8BC9A /* NSOperationQueue+WBNoticeExtensions.h */,
				991CFE7D1A7B479500A8BC9A /* NSOperationQueue+WBNoticeExtensions.m */,
				991CFE7E1A7B479500A8BC9A /* UILabel+WBExtensions.h */,
				991CFE7F1A7B479500A8BC9A /* UILabel+WBExtensions.m */,
				991CFE801A7B479500A8BC9A /* WBBlueGradientView.h */,
				991CFE811A7B479500A8BC9A /* WBBlueGradientView.m */,
				991CFE821A7B479500A8BC9A /* WBErrorNoticeView.h */,
				991CFE831A7B479500A8BC9A /* WBErrorNoticeView.m */,
				991CFE841A7B479500A8BC9A /* WBGrayGradientView.h */,
				991CFE851A7B479500A8BC9A /* WBGrayGradientView.m */,
				991CFE861A7B479500A8BC9A /* WBNoticeOperation.h */,
				991CFE871A7B479500A8BC9A /* WBNoticeOperation.m */,
				991CFE881A7B479500A8BC9A /* WBNoticeView+ForSubclassEyesOnly.h */,
				991CFE891A7B479500A8BC9A /* WBNoticeView.h */,
				991CFE8A1A7B479500A8BC9A /* WBNoticeView.m */,
				991CFE8B1A7B479500A8BC9A /* WBRedGradientView.h */,
				991CFE8C1A7B479500A8BC9A /* WBRedGradientView.m */,
				991CFE8D1A7B479500A8BC9A /* WBStickyNoticeView.h */,
				991CFE8E1A7B479500A8BC9A /* WBStickyNoticeView.m */,
				991CFE8F1A7B479500A8BC9A /* WBSuccessNoticeView.h */,
				991CFE901A7B479500A8BC9A /* WBSuccessNoticeView.m */,
			);
			path = WBNoticeView;
			sourceTree = "<group>";
		};
		991CFEA11A7B668F00A8BC9A /* AFNetworking */ = {
			isa = PBXGroup;
			children = (
				991CFEA41A7B668F00A8BC9A /* AFHTTPRequestOperation.h */,
				991CFEA51A7B668F00A8BC9A /* AFHTTPRequestOperation.m */,
				991CFEA61A7B668F00A8BC9A /* AFHTTPRequestOperationManager.h */,
				991CFEA71A7B668F00A8BC9A /* AFHTTPRequestOperationManager.m */,
				991CFEA81A7B668F00A8BC9A /* AFHTTPSessionManager.h */,
				991CFEA91A7B668F00A8BC9A /* AFHTTPSessionManager.m */,
				991CFEAA1A7B668F00A8BC9A /* AFNetworking.h */,
				991CFEAB1A7B668F00A8BC9A /* AFNetworkReachabilityManager.h */,
				991CFEAC1A7B668F00A8BC9A /* AFNetworkReachabilityManager.m */,
				991CFEAD1A7B668F00A8BC9A /* AFSecurityPolicy.h */,
				991CFEAE1A7B668F00A8BC9A /* AFSecurityPolicy.m */,
				991CFEAF1A7B668F00A8BC9A /* AFURLConnectionOperation.h */,
				991CFEB01A7B668F00A8BC9A /* AFURLConnectionOperation.m */,
				991CFEB11A7B668F00A8BC9A /* AFURLRequestSerialization.h */,
				991CFEB21A7B668F00A8BC9A /* AFURLRequestSerialization.m */,
				991CFEB31A7B668F00A8BC9A /* AFURLResponseSerialization.h */,
				991CFEB41A7B668F00A8BC9A /* AFURLResponseSerialization.m */,
				991CFEB51A7B668F00A8BC9A /* AFURLSessionManager.h */,
				991CFEB61A7B668F00A8BC9A /* AFURLSessionManager.m */,
			);
			path = AFNetworking;
			sourceTree = "<group>";
		};
		991CFEB71A7B668F00A8BC9A /* base64 */ = {
			isa = PBXGroup;
			children = (
				991CFEB81A7B668F00A8BC9A /* NSData+Base64.h */,
				991CFEB91A7B668F00A8BC9A /* NSData+Base64.m */,
			);
			path = base64;
			sourceTree = "<group>";
		};
		991CFEBC1A7B668F00A8BC9A /* UIKit+AFNetworking */ = {
			isa = PBXGroup;
			children = (
				991CFEE11A7B7E9300A8BC9A /* UIRefreshControl+AFNetworking.h */,
				991CFEE21A7B7E9300A8BC9A /* UIRefreshControl+AFNetworking.m */,
				991CFEBD1A7B668F00A8BC9A /* AFNetworkActivityIndicatorManager.h */,
				991CFEBE1A7B668F00A8BC9A /* AFNetworkActivityIndicatorManager.m */,
				991CFEBF1A7B668F00A8BC9A /* UIActivityIndicatorView+AFNetworking.h */,
				991CFEC01A7B668F00A8BC9A /* UIActivityIndicatorView+AFNetworking.m */,
				991CFEC11A7B668F00A8BC9A /* UIAlertView+AFNetworking.h */,
				991CFEC21A7B668F00A8BC9A /* UIAlertView+AFNetworking.m */,
				991CFEC31A7B668F00A8BC9A /* UIButton+AFNetworking.h */,
				991CFEC41A7B668F00A8BC9A /* UIButton+AFNetworking.m */,
				991CFEC51A7B668F00A8BC9A /* UIImageView+AFNetworking.h */,
				991CFEC61A7B668F00A8BC9A /* UIImageView+AFNetworking.m */,
				991CFEC71A7B668F00A8BC9A /* UIKit+AFNetworking.h */,
				991CFEC81A7B668F00A8BC9A /* UIProgressView+AFNetworking.h */,
				991CFEC91A7B668F00A8BC9A /* UIProgressView+AFNetworking.m */,
				991CFECA1A7B668F00A8BC9A /* UIWebView+AFNetworking.h */,
				991CFECB1A7B668F00A8BC9A /* UIWebView+AFNetworking.m */,
			);
			path = "UIKit+AFNetworking";
			sourceTree = "<group>";
		};
		991CFEE81A7B814700A8BC9A /* TBCategory */ = {
			isa = PBXGroup;
			children = (
				991CFEE91A7B814700A8BC9A /* .gitignore */,
				991CFEEA1A7B814700A8BC9A /* NSArray+TBCore.h */,
				991CFEEB1A7B814700A8BC9A /* NSArray+TBCore.m */,
				991CFEEC1A7B814700A8BC9A /* NSDictionary+TDCore.h */,
				991CFEED1A7B814700A8BC9A /* NSDictionary+TDCore.m */,
				991CFEEE1A7B814700A8BC9A /* NSString+TBCore.h */,
				991CFEEF1A7B814700A8BC9A /* NSString+TBCore.m */,
				991CFEF01A7B814700A8BC9A /* README.md */,
			);
			path = TBCategory;
			sourceTree = "<group>";
		};
		991CFEF61A7B820700A8BC9A /* TBUtils */ = {
			isa = PBXGroup;
			children = (
				991CFEF71A7B820700A8BC9A /* README.md */,
				991CFEF81A7B820700A8BC9A /* TDMBProgressHUDManager.h */,
				991CFEF91A7B820700A8BC9A /* TDMBProgressHUDManager.m */,
				991CFEFC1A7B826D00A8BC9A /* TBBaseObject.h */,
				991CFEFD1A7B826D00A8BC9A /* TBBaseObject.m */,
				991CFEFF1A7B8CE900A8BC9A /* TBAlert.h */,
				991CFF001A7B8CE900A8BC9A /* TBAlert.m */,
			);
			path = TBUtils;
			sourceTree = "<group>";
		};
		9937F6061A7A439D001ED8A8 /* TDEngineLog */ = {
			isa = PBXGroup;
			children = (
				9937F6071A7A439D001ED8A8 /* .gitignore */,
				9937F6081A7A439D001ED8A8 /* NSObject+File.h */,
				9937F6091A7A439D001ED8A8 /* NSObject+File.m */,
				9937F60A1A7A439D001ED8A8 /* README.md */,
				9937F60B1A7A439D001ED8A8 /* TDEngineLog.h */,
				9937F60C1A7A439D001ED8A8 /* TDLog.h */,
				9937F60D1A7A439D001ED8A8 /* UIViewController+TDLog.h */,
				9937F60E1A7A439D001ED8A8 /* UIViewController+TDLog.m */,
			);
			path = TDEngineLog;
			sourceTree = "<group>";
		};
		99B19E9A1A67E77900FA69CC = {
			isa = PBXGroup;
			children = (
				99B19EAC1A67E77900FA69CC /* TeamplateProject */,
				99B19ECB1A67E77A00FA69CC /* TeamplateProjectTests */,
				99B19EA51A67E77900FA69CC /* Frameworks */,
				99B19EA41A67E77900FA69CC /* Products */,
			);
			sourceTree = "<group>";
		};
		99B19EA41A67E77900FA69CC /* Products */ = {
			isa = PBXGroup;
			children = (
				99B19EA31A67E77900FA69CC /* TeamplateProject.app */,
				99B19EC41A67E77A00FA69CC /* TeamplateProjectTests.xctest */,
			);
			name = Products;
			sourceTree = "<group>";
		};
		99B19EA51A67E77900FA69CC /* Frameworks */ = {
			isa = PBXGroup;
			children = (
				99B19EA61A67E77900FA69CC /* Foundation.framework */,
				99B19EA81A67E77900FA69CC /* CoreGraphics.framework */,
				99B19EAA1A67E77900FA69CC /* UIKit.framework */,
				99B19EC51A67E77A00FA69CC /* XCTest.framework */,
			);
			name = Frameworks;
			sourceTree = "<group>";
		};
		99B19EAC1A67E77900FA69CC /* TeamplateProject */ = {
			isa = PBXGroup;
			children = (
				99C261FE1A7A243C0070CCCC /* 01-Apps */,
				99C262011A7A243C0070CCCC /* 02-Libs */,
				99C262021A7A243C0070CCCC /* 03-TBCore */,
				99C262031A7A243C0070CCCC /* 04-Helpers */,
				99C262041A7A243C0070CCCC /* 05-Entitys */,
				99C262051A7A243C0070CCCC /* 06-Resources */,
				99C2620B1A7A243C0070CCCC /* 07-ViewControllers */,
				99B19EBE1A67E77900FA69CC /* Images.xcassets */,
				99B19EAD1A67E77900FA69CC /* Supporting Files */,
			);
			path = TeamplateProject;
			sourceTree = "<group>";
		};
		99B19EAD1A67E77900FA69CC /* Supporting Files */ = {
			isa = PBXGroup;
			children = (
				99B19EAE1A67E77900FA69CC /* TeamplateProject-Info.plist */,
				99B19EAF1A67E77900FA69CC /* InfoPlist.strings */,
				99B19EB21A67E77900FA69CC /* main.m */,
				99B19EB41A67E77900FA69CC /* TeamplateProject-Prefix.pch */,
			);
			name = "Supporting Files";
			sourceTree = "<group>";
		};
		99B19ECB1A67E77A00FA69CC /* TeamplateProjectTests */ = {
			isa = PBXGroup;
			children = (
				99B19ED11A67E77A00FA69CC /* TeamplateProjectTests.m */,
				99B19ECC1A67E77A00FA69CC /* Supporting Files */,
			);
			path = TeamplateProjectTests;
			sourceTree = "<group>";
		};
		99B19ECC1A67E77A00FA69CC /* Supporting Files */ = {
			isa = PBXGroup;
			children = (
				99B19ECD1A67E77A00FA69CC /* TeamplateProjectTests-Info.plist */,
				99B19ECE1A67E77A00FA69CC /* InfoPlist.strings */,
			);
			name = "Supporting Files";
			sourceTree = "<group>";
		};
		99C261FE1A7A243C0070CCCC /* 01-Apps */ = {
			isa = PBXGroup;
			children = (
				99C261FF1A7A243C0070CCCC /* TBAppDelegate.h */,
				99C262001A7A243C0070CCCC /* TBAppDelegate.m */,
			);
			path = "01-Apps";
			sourceTree = "<group>";
		};
		99C262011A7A243C0070CCCC /* 02-Libs */ = {
			isa = PBXGroup;
			children = (
			);
			path = "02-Libs";
			sourceTree = "<group>";
		};
		99C262021A7A243C0070CCCC /* 03-TBCore */ = {
			isa = PBXGroup;
			children = (
				991CFEF61A7B820700A8BC9A /* TBUtils */,
				991CFEE81A7B814700A8BC9A /* TBCategory */,
				991CFE731A7B479500A8BC9A /* TBServices */,
				9937F6061A7A439D001ED8A8 /* TDEngineLog */,
			);
			path = "03-TBCore";
			sourceTree = "<group>";
		};
		99C262031A7A243C0070CCCC /* 04-Helpers */ = {
			isa = PBXGroup;
			children = (
				99D37D4B1A7A26BF00617AEF /* TBHelpers.h */,
				99D37D4C1A7A26BF00617AEF /* TBHelpers.m */,
				993ECCC41A7A2AA500861DE2 /* TBUserDefault.h */,
				993ECCC51A7A2AA500861DE2 /* TBUserDefault.m */,
			);
			path = "04-Helpers";
			sourceTree = "<group>";
		};
		99C262041A7A243C0070CCCC /* 05-Entitys */ = {
			isa = PBXGroup;
			children = (
			);
			path = "05-Entitys";
			sourceTree = "<group>";
		};
		99C262051A7A243C0070CCCC /* 06-Resources */ = {
			isa = PBXGroup;
			children = (
				99C262061A7A243C0070CCCC /* 01-Assets */,
				99C262071A7A243C0070CCCC /* 02-StoryBoards */,
				99C262091A7A243C0070CCCC /* 03-HTML */,
				99C2620A1A7A243C0070CCCC /* 04-DataBases */,
			);
			path = "06-Resources";
			sourceTree = "<group>";
		};
		99C262061A7A243C0070CCCC /* 01-Assets */ = {
			isa = PBXGroup;
			children = (
			);
			path = "01-Assets";
			sourceTree = "<group>";
		};
		99C262071A7A243C0070CCCC /* 02-StoryBoards */ = {
			isa = PBXGroup;
			children = (
				99C262081A7A243C0070CCCC /* Main.storyboard */,
			);
			path = "02-StoryBoards";
			sourceTree = "<group>";
		};
		99C262091A7A243C0070CCCC /* 03-HTML */ = {
			isa = PBXGroup;
			children = (
			);
			path = "03-HTML";
			sourceTree = "<group>";
		};
		99C2620A1A7A243C0070CCCC /* 04-DataBases */ = {
			isa = PBXGroup;
			children = (
			);
			path = "04-DataBases";
			sourceTree = "<group>";
		};
		99C2620B1A7A243C0070CCCC /* 07-ViewControllers */ = {
			isa = PBXGroup;
			children = (
				99C2620C1A7A243C0070CCCC /* 00-BaseViewController */,
				99C262131A7A243C0070CCCC /* TBViewController.h */,
				99C262141A7A243C0070CCCC /* TBViewController.m */,
			);
			path = "07-ViewControllers";
			sourceTree = "<group>";
		};
		99C2620C1A7A243C0070CCCC /* 00-BaseViewController */ = {
			isa = PBXGroup;
			children = (
				99C2620D1A7A243C0070CCCC /* TBBaseViewController+Model.h */,
				99C2620E1A7A243C0070CCCC /* TBBaseViewController+Model.m */,
				99C2620F1A7A243C0070CCCC /* TBBaseViewController+View.h */,
				99C262101A7A243C0070CCCC /* TBBaseViewController+View.m */,
				99C262111A7A243C0070CCCC /* TBBaseViewController.h */,
				99C262121A7A243C0070CCCC /* TBBaseViewController.m */,
			);
			path = "00-BaseViewController";
			sourceTree = "<group>";
		};
/* End PBXGroup section */

/* Begin PBXNativeTarget section */
		99B19EA21A67E77900FA69CC /* TeamplateProject */ = {
			isa = PBXNativeTarget;
			buildConfigurationList = 99B19ED51A67E77A00FA69CC /* Build configuration list for PBXNativeTarget "TeamplateProject" */;
			buildPhases = (
				99B19E9F1A67E77900FA69CC /* Sources */,
				99B19EA01A67E77900FA69CC /* Frameworks */,
				99B19EA11A67E77900FA69CC /* Resources */,
			);
			buildRules = (
			);
			dependencies = (
			);
			name = TeamplateProject;
			productName = TeamplateProject;
			productReference = 99B19EA31A67E77900FA69CC /* TeamplateProject.app */;
			productType = "com.apple.product-type.application";
		};
		99B19EC31A67E77A00FA69CC /* TeamplateProjectTests */ = {
			isa = PBXNativeTarget;
			buildConfigurationList = 99B19ED81A67E77A00FA69CC /* Build configuration list for PBXNativeTarget "TeamplateProjectTests" */;
			buildPhases = (
				99B19EC01A67E77A00FA69CC /* Sources */,
				99B19EC11A67E77A00FA69CC /* Frameworks */,
				99B19EC21A67E77A00FA69CC /* Resources */,
			);
			buildRules = (
			);
			dependencies = (
				99B19ECA1A67E77A00FA69CC /* PBXTargetDependency */,
			);
			name = TeamplateProjectTests;
			productName = TeamplateProjectTests;
			productReference = 99B19EC41A67E77A00FA69CC /* TeamplateProjectTests.xctest */;
			productType = "com.apple.product-type.bundle.unit-test";
		};
/* End PBXNativeTarget section */

/* Begin PBXProject section */
		99B19E9B1A67E77900FA69CC /* Project object */ = {
			isa = PBXProject;
			attributes = {
				CLASSPREFIX = TB;
				LastUpgradeCheck = 0510;
				ORGANIZATIONNAME = QsoftVietNam;
				TargetAttributes = {
					99B19EC31A67E77A00FA69CC = {
						TestTargetID = 99B19EA21A67E77900FA69CC;
					};
				};
			};
			buildConfigurationList = 99B19E9E1A67E77900FA69CC /* Build configuration list for PBXProject "TeamplateProject" */;
			compatibilityVersion = "Xcode 3.2";
			developmentRegion = English;
			hasScannedForEncodings = 0;
			knownRegions = (
				en,
				Base,
			);
			mainGroup = 99B19E9A1A67E77900FA69CC;
			productRefGroup = 99B19EA41A67E77900FA69CC /* Products */;
			projectDirPath = "";
			projectRoot = "";
			targets = (
				99B19EA21A67E77900FA69CC /* TeamplateProject */,
				99B19EC31A67E77A00FA69CC /* TeamplateProjectTests */,
			);
		};
/* End PBXProject section */

/* Begin PBXResourcesBuildPhase section */
		99B19EA11A67E77900FA69CC /* Resources */ = {
			isa = PBXResourcesBuildPhase;
			buildActionMask = 2147483647;
			files = (
				991CFE921A7B479500A8BC9A /* .gitignore in Resources */,
				991CFEF11A7B814700A8BC9A /* .gitignore in Resources */,
				9937F60F1A7A439D001ED8A8 /* .gitignore in Resources */,
				991CFE951A7B479500A8BC9A /* NoticeView.bundle in Resources */,
				99C262161A7A243C0070CCCC /* Main.storyboard in Resources */,
				99B19EBF1A67E77900FA69CC /* Images.xcassets in Resources */,
				99B19EB11A67E77900FA69CC /* InfoPlist.strings in Resources */,
			);
			runOnlyForDeploymentPostprocessing = 0;
		};
		99B19EC21A67E77A00FA69CC /* Resources */ = {
			isa = PBXResourcesBuildPhase;
			buildActionMask = 2147483647;
			files = (
				99B19ED01A67E77A00FA69CC /* InfoPlist.strings in Resources */,
			);
			runOnlyForDeploymentPostprocessing = 0;
		};
/* End PBXResourcesBuildPhase section */

/* Begin PBXSourcesBuildPhase section */
		99B19E9F1A67E77900FA69CC /* Sources */ = {
			isa = PBXSourcesBuildPhase;
			buildActionMask = 2147483647;
			files = (
				991CFED81A7B668F00A8BC9A /* AFNetworkActivityIndicatorManager.m in Sources */,
				9937F6121A7A439D001ED8A8 /* UIViewController+TDLog.m in Sources */,
				991CFEE31A7B7E9300A8BC9A /* UIRefreshControl+AFNetworking.m in Sources */,
				991CFE961A7B479500A8BC9A /* NSOperationQueue+WBNoticeExtensions.m in Sources */,
				991CFE9A1A7B479500A8BC9A /* WBGrayGradientView.m in Sources */,
				991CFEDE1A7B668F00A8BC9A /* UIWebView+AFNetworking.m in Sources */,
				991CFEFA1A7B820700A8BC9A /* README.md in Sources */,
				991CFEF31A7B814700A8BC9A /* NSDictionary+TDCore.m in Sources */,
				993ECCC61A7A2AA500861DE2 /* TBUserDefault.m in Sources */,
				991CFE971A7B479500A8BC9A /* UILabel+WBExtensions.m in Sources */,
				991CFED91A7B668F00A8BC9A /* UIActivityIndicatorView+AFNetworking.m in Sources */,
				99C2621A1A7A243C0070CCCC /* TBViewController.m in Sources */,
				991CFE981A7B479500A8BC9A /* WBBlueGradientView.m in Sources */,
				991CFE9C1A7B479500A8BC9A /* WBNoticeView.m in Sources */,
				991CFEF41A7B814700A8BC9A /* NSString+TBCore.m in Sources */,
				991CFED41A7B668F00A8BC9A /* AFURLResponseSerialization.m in Sources */,
				991CFEF51A7B814700A8BC9A /* README.md in Sources */,
				991CFED61A7B668F00A8BC9A /* NSData+Base64.m in Sources */,
				991CFEA01A7B479500A8BC9A /* README.md in Sources */,
				99D37D4D1A7A26BF00617AEF /* TBHelpers.m in Sources */,
				991CFEDC1A7B668F00A8BC9A /* UIImageView+AFNetworking.m in Sources */,
				991CFECD1A7B668F00A8BC9A /* AFHTTPRequestOperation.m in Sources */,
				991CFE941A7B479500A8BC9A /* TDReachability.m in Sources */,
				991CFED21A7B668F00A8BC9A /* AFURLConnectionOperation.m in Sources */,
				991CFED71A7B668F00A8BC9A /* TBServices.m in Sources */,
				99C262151A7A243C0070CCCC /* TBAppDelegate.m in Sources */,
				991CFE991A7B479500A8BC9A /* WBErrorNoticeView.m in Sources */,
				991CFE9F1A7B479500A8BC9A /* WBSuccessNoticeView.m in Sources */,
				991CFF011A7B8CE900A8BC9A /* TBAlert.m in Sources */,
				99B19EB31A67E77900FA69CC /* main.m in Sources */,
				991CFEDD1A7B668F00A8BC9A /* UIProgressView+AFNetworking.m in Sources */,
				9937F6101A7A439D001ED8A8 /* NSObject+File.m in Sources */,
				991CFECE1A7B668F00A8BC9A /* AFHTTPRequestOperationManager.m in Sources */,
				991CFE931A7B479500A8BC9A /* Reachability.m in Sources */,
				991CFEFE1A7B826D00A8BC9A /* TBBaseObject.m in Sources */,
				991CFE9E1A7B479500A8BC9A /* WBStickyNoticeView.m in Sources */,
				991CFECF1A7B668F00A8BC9A /* AFHTTPSessionManager.m in Sources */,
				991CFE9D1A7B479500A8BC9A /* WBRedGradientView.m in Sources */,
				991CFED31A7B668F00A8BC9A /* AFURLRequestSerialization.m in Sources */,
				991CFEF21A7B814700A8BC9A /* NSArray+TBCore.m in Sources */,
				991CFED51A7B668F00A8BC9A /* AFURLSessionManager.m in Sources */,
				991CFED11A7B668F00A8BC9A /* AFSecurityPolicy.m in Sources */,
				991CFEDA1A7B668F00A8BC9A /* UIAlertView+AFNetworking.m in Sources */,
				9937F6111A7A439D001ED8A8 /* README.md in Sources */,
				99C262181A7A243C0070CCCC /* TBBaseViewController+View.m in Sources */,
				991CFEFB1A7B820700A8BC9A /* TDMBProgressHUDManager.m in Sources */,
				991CFEDB1A7B668F00A8BC9A /* UIButton+AFNetworking.m in Sources */,
				99C262191A7A243C0070CCCC /* TBBaseViewController.m in Sources */,
				991CFE9B1A7B479500A8BC9A /* WBNoticeOperation.m in Sources */,
				99C262171A7A243C0070CCCC /* TBBaseViewController+Model.m in Sources */,
				991CFED01A7B668F00A8BC9A /* AFNetworkReachabilityManager.m in Sources */,
			);
			runOnlyForDeploymentPostprocessing = 0;
		};
		99B19EC01A67E77A00FA69CC /* Sources */ = {
			isa = PBXSourcesBuildPhase;
			buildActionMask = 2147483647;
			files = (
				99B19ED21A67E77A00FA69CC /* TeamplateProjectTests.m in Sources */,
			);
			runOnlyForDeploymentPostprocessing = 0;
		};
/* End PBXSourcesBuildPhase section */

/* Begin PBXTargetDependency section */
		99B19ECA1A67E77A00FA69CC /* PBXTargetDependency */ = {
			isa = PBXTargetDependency;
			target = 99B19EA21A67E77900FA69CC /* TeamplateProject */;
			targetProxy = 99B19EC91A67E77A00FA69CC /* PBXContainerItemProxy */;
		};
/* End PBXTargetDependency section */

/* Begin PBXVariantGroup section */
		99B19EAF1A67E77900FA69CC /* InfoPlist.strings */ = {
			isa = PBXVariantGroup;
			children = (
				99B19EB01A67E77900FA69CC /* en */,
			);
			name = InfoPlist.strings;
			sourceTree = "<group>";
		};
		99B19ECE1A67E77A00FA69CC /* InfoPlist.strings */ = {
			isa = PBXVariantGroup;
			children = (
				99B19ECF1A67E77A00FA69CC /* en */,
			);
			name = InfoPlist.strings;
			sourceTree = "<group>";
		};
/* End PBXVariantGroup section */

/* Begin XCBuildConfiguration section */
		99B19ED31A67E77A00FA69CC /* Debug */ = {
			isa = XCBuildConfiguration;
			buildSettings = {
				ALWAYS_SEARCH_USER_PATHS = NO;
				CLANG_CXX_LANGUAGE_STANDARD = "gnu++0x";
				CLANG_CXX_LIBRARY = "libc++";
				CLANG_ENABLE_MODULES = YES;
				CLANG_ENABLE_OBJC_ARC = YES;
				CLANG_WARN_BOOL_CONVERSION = YES;
				CLANG_WARN_CONSTANT_CONVERSION = YES;
				CLANG_WARN_DIRECT_OBJC_ISA_USAGE = YES_ERROR;
				CLANG_WARN_EMPTY_BODY = YES;
				CLANG_WARN_ENUM_CONVERSION = YES;
				CLANG_WARN_INT_CONVERSION = YES;
				CLANG_WARN_OBJC_ROOT_CLASS = YES_ERROR;
				CLANG_WARN__DUPLICATE_METHOD_MATCH = YES;
				"CODE_SIGN_IDENTITY[sdk=iphoneos*]" = "iPhone Developer";
				COPY_PHASE_STRIP = NO;
				GCC_C_LANGUAGE_STANDARD = gnu99;
				GCC_DYNAMIC_NO_PIC = NO;
				GCC_OPTIMIZATION_LEVEL = 0;
				GCC_PREPROCESSOR_DEFINITIONS = (
					"DEBUG=1",
					"$(inherited)",
				);
				GCC_SYMBOLS_PRIVATE_EXTERN = NO;
				GCC_WARN_64_TO_32_BIT_CONVERSION = YES;
				GCC_WARN_ABOUT_RETURN_TYPE = YES_ERROR;
				GCC_WARN_UNDECLARED_SELECTOR = YES;
				GCC_WARN_UNINITIALIZED_AUTOS = YES_AGGRESSIVE;
				GCC_WARN_UNUSED_FUNCTION = YES;
				GCC_WARN_UNUSED_VARIABLE = YES;
				IPHONEOS_DEPLOYMENT_TARGET = 7.1;
				ONLY_ACTIVE_ARCH = YES;
				SDKROOT = iphoneos;
			};
			name = Debug;
		};
		99B19ED41A67E77A00FA69CC /* Release */ = {
			isa = XCBuildConfiguration;
			buildSettings = {
				ALWAYS_SEARCH_USER_PATHS = NO;
				CLANG_CXX_LANGUAGE_STANDARD = "gnu++0x";
				CLANG_CXX_LIBRARY = "libc++";
				CLANG_ENABLE_MODULES = YES;
				CLANG_ENABLE_OBJC_ARC = YES;
				CLANG_WARN_BOOL_CONVERSION = YES;
				CLANG_WARN_CONSTANT_CONVERSION = YES;
				CLANG_WARN_DIRECT_OBJC_ISA_USAGE = YES_ERROR;
				CLANG_WARN_EMPTY_BODY = YES;
				CLANG_WARN_ENUM_CONVERSION = YES;
				CLANG_WARN_INT_CONVERSION = YES;
				CLANG_WARN_OBJC_ROOT_CLASS = YES_ERROR;
				CLANG_WARN__DUPLICATE_METHOD_MATCH = YES;
				"CODE_SIGN_IDENTITY[sdk=iphoneos*]" = "iPhone Developer";
				COPY_PHASE_STRIP = YES;
				ENABLE_NS_ASSERTIONS = NO;
				GCC_C_LANGUAGE_STANDARD = gnu99;
				GCC_WARN_64_TO_32_BIT_CONVERSION = YES;
				GCC_WARN_ABOUT_RETURN_TYPE = YES_ERROR;
				GCC_WARN_UNDECLARED_SELECTOR = YES;
				GCC_WARN_UNINITIALIZED_AUTOS = YES_AGGRESSIVE;
				GCC_WARN_UNUSED_FUNCTION = YES;
				GCC_WARN_UNUSED_VARIABLE = YES;
				IPHONEOS_DEPLOYMENT_TARGET = 7.1;
				SDKROOT = iphoneos;
				VALIDATE_PRODUCT = YES;
			};
			name = Release;
		};
		99B19ED61A67E77A00FA69CC /* Debug */ = {
			isa = XCBuildConfiguration;
			buildSettings = {
				ASSETCATALOG_COMPILER_APPICON_NAME = AppIcon;
				ASSETCATALOG_COMPILER_LAUNCHIMAGE_NAME = LaunchImage;
				GCC_PRECOMPILE_PREFIX_HEADER = YES;
				GCC_PREFIX_HEADER = "TeamplateProject/TeamplateProject-Prefix.pch";
				INFOPLIST_FILE = "TeamplateProject/TeamplateProject-Info.plist";
				PRODUCT_NAME = "$(TARGET_NAME)";
				WRAPPER_EXTENSION = app;
			};
			name = Debug;
		};
		99B19ED71A67E77A00FA69CC /* Release */ = {
			isa = XCBuildConfiguration;
			buildSettings = {
				ASSETCATALOG_COMPILER_APPICON_NAME = AppIcon;
				ASSETCATALOG_COMPILER_LAUNCHIMAGE_NAME = LaunchImage;
				GCC_PRECOMPILE_PREFIX_HEADER = YES;
				GCC_PREFIX_HEADER = "TeamplateProject/TeamplateProject-Prefix.pch";
				INFOPLIST_FILE = "TeamplateProject/TeamplateProject-Info.plist";
				PRODUCT_NAME = "$(TARGET_NAME)";
				WRAPPER_EXTENSION = app;
			};
			name = Release;
		};
		99B19ED91A67E77A00FA69CC /* Debug */ = {
			isa = XCBuildConfiguration;
			buildSettings = {
				BUNDLE_LOADER = "$(BUILT_PRODUCTS_DIR)/TeamplateProject.app/TeamplateProject";
				FRAMEWORK_SEARCH_PATHS = (
					"$(SDKROOT)/Developer/Library/Frameworks",
					"$(inherited)",
					"$(DEVELOPER_FRAMEWORKS_DIR)",
				);
				GCC_PRECOMPILE_PREFIX_HEADER = YES;
				GCC_PREFIX_HEADER = "TeamplateProject/TeamplateProject-Prefix.pch";
				GCC_PREPROCESSOR_DEFINITIONS = (
					"DEBUG=1",
					"$(inherited)",
				);
				INFOPLIST_FILE = "TeamplateProjectTests/TeamplateProjectTests-Info.plist";
				PRODUCT_NAME = "$(TARGET_NAME)";
				TEST_HOST = "$(BUNDLE_LOADER)";
				WRAPPER_EXTENSION = xctest;
			};
			name = Debug;
		};
		99B19EDA1A67E77A00FA69CC /* Release */ = {
			isa = XCBuildConfiguration;
			buildSettings = {
				BUNDLE_LOADER = "$(BUILT_PRODUCTS_DIR)/TeamplateProject.app/TeamplateProject";
				FRAMEWORK_SEARCH_PATHS = (
					"$(SDKROOT)/Developer/Library/Frameworks",
					"$(inherited)",
					"$(DEVELOPER_FRAMEWORKS_DIR)",
				);
				GCC_PRECOMPILE_PREFIX_HEADER = YES;
				GCC_PREFIX_HEADER = "TeamplateProject/TeamplateProject-Prefix.pch";
				INFOPLIST_FILE = "TeamplateProjectTests/TeamplateProjectTests-Info.plist";
				PRODUCT_NAME = "$(TARGET_NAME)";
				TEST_HOST = "$(BUNDLE_LOADER)";
				WRAPPER_EXTENSION = xctest;
			};
			name = Release;
		};
/* End XCBuildConfiguration section */

/* Begin XCConfigurationList section */
		99B19E9E1A67E77900FA69CC /* Build configuration list for PBXProject "TeamplateProject" */ = {
			isa = XCConfigurationList;
			buildConfigurations = (
				99B19ED31A67E77A00FA69CC /* Debug */,
				99B19ED41A67E77A00FA69CC /* Release */,
			);
			defaultConfigurationIsVisible = 0;
			defaultConfigurationName = Release;
		};
		99B19ED51A67E77A00FA69CC /* Build configuration list for PBXNativeTarget "TeamplateProject" */ = {
			isa = XCConfigurationList;
			buildConfigurations = (
				99B19ED61A67E77A00FA69CC /* Debug */,
				99B19ED71A67E77A00FA69CC /* Release */,
			);
			defaultConfigurationIsVisible = 0;
			defaultConfigurationName = Release;
		};
		99B19ED81A67E77A00FA69CC /* Build configuration list for PBXNativeTarget "TeamplateProjectTests" */ = {
			isa = XCConfigurationList;
			buildConfigurations = (
				99B19ED91A67E77A00FA69CC /* Debug */,
				99B19EDA1A67E77A00FA69CC /* Release */,
			);
			defaultConfigurationIsVisible = 0;
			defaultConfigurationName = Release;
		};
/* End XCConfigurationList section */
	};
	rootObject = 99B19E9B1A67E77900FA69CC /* Project object */;
}
