// !$*UTF8*$!
{
	archiveVersion = 1;
	classes = {
	};
	objectVersion = 46;
	objects = {

/* Begin PBXBuildFile section */
		9937F60F1A7A439D001ED8A8 /* .gitignore in Resources */ = {isa = PBXBuildFile; fileRef = 9937F6071A7A439D001ED8A8 /* .gitignore */; };
		9937F6101A7A439D001ED8A8 /* NSObject+File.m in Sources */ = {isa = PBXBuildFile; fileRef = 9937F6091A7A439D001ED8A8 /* NSObject+File.m */; };
		9937F6111A7A439D001ED8A8 /* README.md in Sources */ = {isa = PBXBuildFile; fileRef = 9937F60A1A7A439D001ED8A8 /* README.md */; };
		9937F6121A7A439D001ED8A8 /* UIViewController+TDLog.m in Sources */ = {isa = PBXBuildFile; fileRef = 9937F60E1A7A439D001ED8A8 /* UIViewController+TDLog.m */; };
		993ECCC61A7A2AA500861DE2 /* TBUserDefault.m in Sources */ = {isa = PBXBuildFile; fileRef = 993ECCC51A7A2AA500861DE2 /* TBUserDefault.m */; };
		99B19EA71A67E77900FA69CC /* Foundation.framework in Frameworks */ = {isa = PBXBuildFile; fileRef = 99B19EA61A67E77900FA69CC /* Foundation.framework */; };
		99B19EA91A67E77900FA69CC /* CoreGraphics.framework in Frameworks */ = {isa = PBXBuildFile; fileRef = 99B19EA81A67E77900FA69CC /* CoreGraphics.framework */; };
		99B19EAB1A67E77900FA69CC /* UIKit.framework in Frameworks */ = {isa = PBXBuildFile; fileRef = 99B19EAA1A67E77900FA69CC /* UIKit.framework */; };
		99B19EB11A67E77900FA69CC /* InfoPlist.strings in Resources */ = {isa = PBXBuildFile; fileRef = 99B19EAF1A67E77900FA69CC /* InfoPlist.strings */; };
		99B19EB31A67E77900FA69CC /* main.m in Sources */ = {isa = PBXBuildFile; fileRef = 99B19EB21A67E77900FA69CC /* main.m */; };
		99B19EBF1A67E77900FA69CC /* Images.xcassets in Resources */ = {isa = PBXBuildFile; fileRef = 99B19EBE1A67E77900FA69CC /* Images.xcassets */; };
		99B19EC61A67E77A00FA69CC /* XCTest.framework in Frameworks */ = {isa = PBXBuildFile; fileRef = 99B19EC51A67E77A00FA69CC /* XCTest.framework */; };
		99B19EC71A67E77A00FA69CC /* Foundation.framework in Frameworks */ = {isa = PBXBuildFile; fileRef = 99B19EA61A67E77900FA69CC /* Foundation.framework */; };
		99B19EC81A67E77A00FA69CC /* UIKit.framework in Frameworks */ = {isa = PBXBuildFile; fileRef = 99B19EAA1A67E77900FA69CC /* UIKit.framework */; };
		99B19ED01A67E77A00FA69CC /* InfoPlist.strings in Resources */ = {isa = PBXBuildFile; fileRef = 99B19ECE1A67E77A00FA69CC /* InfoPlist.strings */; };
		99B19ED21A67E77A00FA69CC /* TeamplateProjectTests.m in Sources */ = {isa = PBXBuildFile; fileRef = 99B19ED11A67E77A00FA69CC /* TeamplateProjectTests.m */; };
		99C262151A7A243C0070CCCC /* TBAppDelegate.m in Sources */ = {isa = PBXBuildFile; fileRef = 99C262001A7A243C0070CCCC /* TBAppDelegate.m */; };
		99C262161A7A243C0070CCCC /* Main.storyboard in Resources */ = {isa = PBXBuildFile; fileRef = 99C262081A7A243C0070CCCC /* Main.storyboard */; };
		99C262171A7A243C0070CCCC /* TBBaseViewController+Model.m in Sources */ = {isa = PBXBuildFile; fileRef = 99C2620E1A7A243C0070CCCC /* TBBaseViewController+Model.m */; };
		99C262181A7A243C0070CCCC /* TBBaseViewController+View.m in Sources */ = {isa = PBXBuildFile; fileRef = 99C262101A7A243C0070CCCC /* TBBaseViewController+View.m */; };
		99C262191A7A243C0070CCCC /* TBBaseViewController.m in Sources */ = {isa = PBXBuildFile; fileRef = 99C262121A7A243C0070CCCC /* TBBaseViewController.m */; };
		99C2621A1A7A243C0070CCCC /* TBViewController.m in Sources */ = {isa = PBXBuildFile; fileRef = 99C262141A7A243C0070CCCC /* TBViewController.m */; };
		99D37D471A7A25E200617AEF /* NSArray+TBCore.m in Sources */ = {isa = PBXBuildFile; fileRef = 99D37D411A7A25E200617AEF /* NSArray+TBCore.m */; };
		99D37D481A7A25E200617AEF /* NSDictionary+TDCore.m in Sources */ = {isa = PBXBuildFile; fileRef = 99D37D431A7A25E200617AEF /* NSDictionary+TDCore.m */; };
		99D37D491A7A25E200617AEF /* NSString+TBCore.m in Sources */ = {isa = PBXBuildFile; fileRef = 99D37D451A7A25E200617AEF /* NSString+TBCore.m */; };
		99D37D4A1A7A25E200617AEF /* README.md in Sources */ = {isa = PBXBuildFile; fileRef = 99D37D461A7A25E200617AEF /* README.md */; };
		99D37D4D1A7A26BF00617AEF /* TBHelpers.m in Sources */ = {isa = PBXBuildFile; fileRef = 99D37D4C1A7A26BF00617AEF /* TBHelpers.m */; };
/* End PBXBuildFile section */

/* Begin PBXContainerItemProxy section */
		99B19EC91A67E77A00FA69CC /* PBXContainerItemProxy */ = {
			isa = PBXContainerItemProxy;
			containerPortal = 99B19E9B1A67E77900FA69CC /* Project object */;
			proxyType = 1;
			remoteGlobalIDString = 99B19EA21A67E77900FA69CC;
			remoteInfo = TeamplateProject;
		};
/* End PBXContainerItemProxy section */

/* Begin PBXFileReference section */
		9937F6071A7A439D001ED8A8 /* .gitignore */ = {isa = PBXFileReference; fileEncoding = 4; lastKnownFileType = text; path = .gitignore; sourceTree = "<group>"; };
		9937F6081A7A439D001ED8A8 /* NSObject+File.h */ = {isa = PBXFileReference; fileEncoding = 4; lastKnownFileType = sourcecode.c.h; path = "NSObject+File.h"; sourceTree = "<group>"; };
		9937F6091A7A439D001ED8A8 /* NSObject+File.m */ = {isa = PBXFileReference; fileEncoding = 4; lastKnownFileType = sourcecode.c.objc; path = "NSObject+File.m"; sourceTree = "<group>"; };
		9937F60A1A7A439D001ED8A8 /* README.md */ = {isa = PBXFileReference; fileEncoding = 4; lastKnownFileType = net.daringfireball.markdown; path = README.md; sourceTree = "<group>"; };
		9937F60B1A7A439D001ED8A8 /* TDEngineLog.h */ = {isa = PBXFileReference; fileEncoding = 4; lastKnownFileType = sourcecode.c.h; path = TDEngineLog.h; sourceTree = "<group>"; };
		9937F60C1A7A439D001ED8A8 /* TDLog.h */ = {isa = PBXFileReference; fileEncoding = 4; lastKnownFileType = sourcecode.c.h; path = TDLog.h; sourceTree = "<group>"; };
		9937F60D1A7A439D001ED8A8 /* UIViewController+TDLog.h */ = {isa = PBXFileReference; fileEncoding = 4; lastKnownFileType = sourcecode.c.h; path = "UIViewController+TDLog.h"; sourceTree = "<group>"; };
		9937F60E1A7A439D001ED8A8 /* UIViewController+TDLog.m */ = {isa = PBXFileReference; fileEncoding = 4; lastKnownFileType = sourcecode.c.objc; path = "UIViewController+TDLog.m"; sourceTree = "<group>"; };
		993ECCC41A7A2AA500861DE2 /* TBUserDefault.h */ = {isa = PBXFileReference; fileEncoding = 4; lastKnownFileType = sourcecode.c.h; path = TBUserDefault.h; sourceTree = "<group>"; };
		993ECCC51A7A2AA500861DE2 /* TBUserDefault.m */ = {isa = PBXFileReference; fileEncoding = 4; lastKnownFileType = sourcecode.c.objc; path = TBUserDefault.m; sourceTree = "<group>"; };
		99B19EA31A67E77900FA69CC /* TeamplateProject.app */ = {isa = PBXFileReference; explicitFileType = wrapper.application; includeInIndex = 0; path = TeamplateProject.app; sourceTree = BUILT_PRODUCTS_DIR; };
		99B19EA61A67E77900FA69CC /* Foundation.framework */ = {isa = PBXFileReference; lastKnownFileType = wrapper.framework; name = Foundation.framework; path = System/Library/Frameworks/Foundation.framework; sourceTree = SDKROOT; };
		99B19EA81A67E77900FA69CC /* CoreGraphics.framework */ = {isa = PBXFileReference; lastKnownFileType = wrapper.framework; name = CoreGraphics.framework; path = System/Library/Frameworks/CoreGraphics.framework; sourceTree = SDKROOT; };
		99B19EAA1A67E77900FA69CC /* UIKit.framework */ = {isa = PBXFileReference; lastKnownFileType = wrapper.framework; name = UIKit.framework; path = System/Library/Frameworks/UIKit.framework; sourceTree = SDKROOT; };
		99B19EAE1A67E77900FA69CC /* TeamplateProject-Info.plist */ = {isa = PBXFileReference; lastKnownFileType = text.plist.xml; path = "TeamplateProject-Info.plist"; sourceTree = "<group>"; };
		99B19EB01A67E77900FA69CC /* en */ = {isa = PBXFileReference; lastKnownFileType = text.plist.strings; name = en; path = en.lproj/InfoPlist.strings; sourceTree = "<group>"; };
		99B19EB21A67E77900FA69CC /* main.m */ = {isa = PBXFileReference; lastKnownFileType = sourcecode.c.objc; path = main.m; sourceTree = "<group>"; };
		99B19EB41A67E77900FA69CC /* TeamplateProject-Prefix.pch */ = {isa = PBXFileReference; lastKnownFileType = sourcecode.c.h; path = "TeamplateProject-Prefix.pch"; sourceTree = "<group>"; };
		99B19EBE1A67E77900FA69CC /* Images.xcassets */ = {isa = PBXFileReference; lastKnownFileType = folder.assetcatalog; path = Images.xcassets; sourceTree = "<group>"; };
		99B19EC41A67E77A00FA69CC /* TeamplateProjectTests.xctest */ = {isa = PBXFileReference; explicitFileType = wrapper.cfbundle; includeInIndex = 0; path = TeamplateProjectTests.xctest; sourceTree = BUILT_PRODUCTS_DIR; };
		99B19EC51A67E77A00FA69CC /* XCTest.framework */ = {isa = PBXFileReference; lastKnownFileType = wrapper.framework; name = XCTest.framework; path = Library/Frameworks/XCTest.framework; sourceTree = DEVELOPER_DIR; };
		99B19ECD1A67E77A00FA69CC /* TeamplateProjectTests-Info.plist */ = {isa = PBXFileReference; lastKnownFileType = text.plist.xml; path = "TeamplateProjectTests-Info.plist"; sourceTree = "<group>"; };
		99B19ECF1A67E77A00FA69CC /* en */ = {isa = PBXFileReference; lastKnownFileType = text.plist.strings; name = en; path = en.lproj/InfoPlist.strings; sourceTree = "<group>"; };
		99B19ED11A67E77A00FA69CC /* TeamplateProjectTests.m */ = {isa = PBXFileReference; lastKnownFileType = sourcecode.c.objc; path = TeamplateProjectTests.m; sourceTree = "<group>"; };
		99C261FF1A7A243C0070CCCC /* TBAppDelegate.h */ = {isa = PBXFileReference; fileEncoding = 4; lastKnownFileType = sourcecode.c.h; path = TBAppDelegate.h; sourceTree = "<group>"; };
		99C262001A7A243C0070CCCC /* TBAppDelegate.m */ = {isa = PBXFileReference; fileEncoding = 4; lastKnownFileType = sourcecode.c.objc; path = TBAppDelegate.m; sourceTree = "<group>"; };
		99C262081A7A243C0070CCCC /* Main.storyboard */ = {isa = PBXFileReference; fileEncoding = 4; lastKnownFileType = file.storyboard; path = Main.storyboard; sourceTree = "<group>"; };
		99C2620D1A7A243C0070CCCC /* TBBaseViewController+Model.h */ = {isa = PBXFileReference; fileEncoding = 4; lastKnownFileType = sourcecode.c.h; path = "TBBaseViewController+Model.h"; sourceTree = "<group>"; };
		99C2620E1A7A243C0070CCCC /* TBBaseViewController+Model.m */ = {isa = PBXFileReference; fileEncoding = 4; lastKnownFileType = sourcecode.c.objc; path = "TBBaseViewController+Model.m"; sourceTree = "<group>"; };
		99C2620F1A7A243C0070CCCC /* TBBaseViewController+View.h */ = {isa = PBXFileReference; fileEncoding = 4; lastKnownFileType = sourcecode.c.h; path = "TBBaseViewController+View.h"; sourceTree = "<group>"; };
		99C262101A7A243C0070CCCC /* TBBaseViewController+View.m */ = {isa = PBXFileReference; fileEncoding = 4; lastKnownFileType = sourcecode.c.objc; path = "TBBaseViewController+View.m"; sourceTree = "<group>"; };
		99C262111A7A243C0070CCCC /* TBBaseViewController.h */ = {isa = PBXFileReference; fileEncoding = 4; lastKnownFileType = sourcecode.c.h; path = TBBaseViewController.h; sourceTree = "<group>"; };
		99C262121A7A243C0070CCCC /* TBBaseViewController.m */ = {isa = PBXFileReference; fileEncoding = 4; lastKnownFileType = sourcecode.c.objc; path = TBBaseViewController.m; sourceTree = "<group>"; };
		99C262131A7A243C0070CCCC /* TBViewController.h */ = {isa = PBXFileReference; fileEncoding = 4; lastKnownFileType = sourcecode.c.h; path = TBViewController.h; sourceTree = "<group>"; };
		99C262141A7A243C0070CCCC /* TBViewController.m */ = {isa = PBXFileReference; fileEncoding = 4; lastKnownFileType = sourcecode.c.objc; path = TBViewController.m; sourceTree = "<group>"; };
		99D37D401A7A25E200617AEF /* NSArray+TBCore.h */ = {isa = PBXFileReference; fileEncoding = 4; lastKnownFileType = sourcecode.c.h; path = "NSArray+TBCore.h"; sourceTree = "<group>"; };
		99D37D411A7A25E200617AEF /* NSArray+TBCore.m */ = {isa = PBXFileReference; fileEncoding = 4; lastKnownFileType = sourcecode.c.objc; path = "NSArray+TBCore.m"; sourceTree = "<group>"; };
		99D37D421A7A25E200617AEF /* NSDictionary+TDCore.h */ = {isa = PBXFileReference; fileEncoding = 4; lastKnownFileType = sourcecode.c.h; path = "NSDictionary+TDCore.h"; sourceTree = "<group>"; };
		99D37D431A7A25E200617AEF /* NSDictionary+TDCore.m */ = {isa = PBXFileReference; fileEncoding = 4; lastKnownFileType = sourcecode.c.objc; path = "NSDictionary+TDCore.m"; sourceTree = "<group>"; };
		99D37D441A7A25E200617AEF /* NSString+TBCore.h */ = {isa = PBXFileReference; fileEncoding = 4; lastKnownFileType = sourcecode.c.h; path = "NSString+TBCore.h"; sourceTree = "<group>"; };
		99D37D451A7A25E200617AEF /* NSString+TBCore.m */ = {isa = PBXFileReference; fileEncoding = 4; lastKnownFileType = sourcecode.c.objc; path = "NSString+TBCore.m"; sourceTree = "<group>"; };
		99D37D461A7A25E200617AEF /* README.md */ = {isa = PBXFileReference; fileEncoding = 4; lastKnownFileType = net.daringfireball.markdown; path = README.md; sourceTree = "<group>"; };
		99D37D4B1A7A26BF00617AEF /* TBHelpers.h */ = {isa = PBXFileReference; fileEncoding = 4; lastKnownFileType = sourcecode.c.h; path = TBHelpers.h; sourceTree = "<group>"; };
		99D37D4C1A7A26BF00617AEF /* TBHelpers.m */ = {isa = PBXFileReference; fileEncoding = 4; lastKnownFileType = sourcecode.c.objc; path = TBHelpers.m; sourceTree = "<group>"; };
/* End PBXFileReference section */

/* Begin PBXFrameworksBuildPhase section */
		99B19EA01A67E77900FA69CC /* Frameworks */ = {
			isa = PBXFrameworksBuildPhase;
			buildActionMask = 2147483647;
			files = (
				99B19EA91A67E77900FA69CC /* CoreGraphics.framework in Frameworks */,
				99B19EAB1A67E77900FA69CC /* UIKit.framework in Frameworks */,
				99B19EA71A67E77900FA69CC /* Foundation.framework in Frameworks */,
			);
			runOnlyForDeploymentPostprocessing = 0;
		};
		99B19EC11A67E77A00FA69CC /* Frameworks */ = {
			isa = PBXFrameworksBuildPhase;
			buildActionMask = 2147483647;
			files = (
				99B19EC61A67E77A00FA69CC /* XCTest.framework in Frameworks */,
				99B19EC81A67E77A00FA69CC /* UIKit.framework in Frameworks */,
				99B19EC71A67E77A00FA69CC /* Foundation.framework in Frameworks */,
			);
			runOnlyForDeploymentPostprocessing = 0;
		};
/* End PBXFrameworksBuildPhase section */

/* Begin PBXGroup section */
		9937F6061A7A439D001ED8A8 /* TDEngineLog */ = {
			isa = PBXGroup;
			children = (
				9937F6071A7A439D001ED8A8 /* .gitignore */,
				9937F6081A7A439D001ED8A8 /* NSObject+File.h */,
				9937F6091A7A439D001ED8A8 /* NSObject+File.m */,
				9937F60A1A7A439D001ED8A8 /* README.md */,
				9937F60B1A7A439D001ED8A8 /* TDEngineLog.h */,
				9937F60C1A7A439D001ED8A8 /* TDLog.h */,
				9937F60D1A7A439D001ED8A8 /* UIViewController+TDLog.h */,
				9937F60E1A7A439D001ED8A8 /* UIViewController+TDLog.m */,
			);
			path = TDEngineLog;
			sourceTree = "<group>";
		};
		99B19E9A1A67E77900FA69CC = {
			isa = PBXGroup;
			children = (
				99B19EAC1A67E77900FA69CC /* TeamplateProject */,
				99B19ECB1A67E77A00FA69CC /* TeamplateProjectTests */,
				99B19EA51A67E77900FA69CC /* Frameworks */,
				99B19EA41A67E77900FA69CC /* Products */,
			);
			sourceTree = "<group>";
		};
		99B19EA41A67E77900FA69CC /* Products */ = {
			isa = PBXGroup;
			children = (
				99B19EA31A67E77900FA69CC /* TeamplateProject.app */,
				99B19EC41A67E77A00FA69CC /* TeamplateProjectTests.xctest */,
			);
			name = Products;
			sourceTree = "<group>";
		};
		99B19EA51A67E77900FA69CC /* Frameworks */ = {
			isa = PBXGroup;
			children = (
				99B19EA61A67E77900FA69CC /* Foundation.framework */,
				99B19EA81A67E77900FA69CC /* CoreGraphics.framework */,
				99B19EAA1A67E77900FA69CC /* UIKit.framework */,
				99B19EC51A67E77A00FA69CC /* XCTest.framework */,
			);
			name = Frameworks;
			sourceTree = "<group>";
		};
		99B19EAC1A67E77900FA69CC /* TeamplateProject */ = {
			isa = PBXGroup;
			children = (
				99C261FE1A7A243C0070CCCC /* 01-Apps */,
				99C262011A7A243C0070CCCC /* 02-Libs */,
				99C262021A7A243C0070CCCC /* 03-TBCore */,
				99C262031A7A243C0070CCCC /* 04-Helpers */,
				99C262041A7A243C0070CCCC /* 05-Entitys */,
				99C262051A7A243C0070CCCC /* 06-Resources */,
				99C2620B1A7A243C0070CCCC /* 07-ViewControllers */,
				99B19EBE1A67E77900FA69CC /* Images.xcassets */,
				99B19EAD1A67E77900FA69CC /* Supporting Files */,
			);
			path = TeamplateProject;
			sourceTree = "<group>";
		};
		99B19EAD1A67E77900FA69CC /* Supporting Files */ = {
			isa = PBXGroup;
			children = (
				99B19EAE1A67E77900FA69CC /* TeamplateProject-Info.plist */,
				99B19EAF1A67E77900FA69CC /* InfoPlist.strings */,
				99B19EB21A67E77900FA69CC /* main.m */,
				99B19EB41A67E77900FA69CC /* TeamplateProject-Prefix.pch */,
			);
			name = "Supporting Files";
			sourceTree = "<group>";
		};
		99B19ECB1A67E77A00FA69CC /* TeamplateProjectTests */ = {
			isa = PBXGroup;
			children = (
				99B19ED11A67E77A00FA69CC /* TeamplateProjectTests.m */,
				99B19ECC1A67E77A00FA69CC /* Supporting Files */,
			);
			path = TeamplateProjectTests;
			sourceTree = "<group>";
		};
		99B19ECC1A67E77A00FA69CC /* Supporting Files */ = {
			isa = PBXGroup;
			children = (
				99B19ECD1A67E77A00FA69CC /* TeamplateProjectTests-Info.plist */,
				99B19ECE1A67E77A00FA69CC /* InfoPlist.strings */,
			);
			name = "Supporting Files";
			sourceTree = "<group>";
		};
		99C261FE1A7A243C0070CCCC /* 01-Apps */ = {
			isa = PBXGroup;
			children = (
				99C261FF1A7A243C0070CCCC /* TBAppDelegate.h */,
				99C262001A7A243C0070CCCC /* TBAppDelegate.m */,
			);
			path = "01-Apps";
			sourceTree = "<group>";
		};
		99C262011A7A243C0070CCCC /* 02-Libs */ = {
			isa = PBXGroup;
			children = (
			);
			path = "02-Libs";
			sourceTree = "<group>";
		};
		99C262021A7A243C0070CCCC /* 03-TBCore */ = {
			isa = PBXGroup;
			children = (
				9937F6061A7A439D001ED8A8 /* TDEngineLog */,
				99D37D3F1A7A25E200617AEF /* Utils */,
			);
			path = "03-TBCore";
			sourceTree = "<group>";
		};
		99C262031A7A243C0070CCCC /* 04-Helpers */ = {
			isa = PBXGroup;
			children = (
				99D37D4B1A7A26BF00617AEF /* TBHelpers.h */,
				99D37D4C1A7A26BF00617AEF /* TBHelpers.m */,
				993ECCC41A7A2AA500861DE2 /* TBUserDefault.h */,
				993ECCC51A7A2AA500861DE2 /* TBUserDefault.m */,
			);
			path = "04-Helpers";
			sourceTree = "<group>";
		};
		99C262041A7A243C0070CCCC /* 05-Entitys */ = {
			isa = PBXGroup;
			children = (
			);
			path = "05-Entitys";
			sourceTree = "<group>";
		};
		99C262051A7A243C0070CCCC /* 06-Resources */ = {
			isa = PBXGroup;
			children = (
				99C262061A7A243C0070CCCC /* 01-Assets */,
				99C262071A7A243C0070CCCC /* 02-StoryBoards */,
				99C262091A7A243C0070CCCC /* 03-HTML */,
				99C2620A1A7A243C0070CCCC /* 04-DataBases */,
			);
			path = "06-Resources";
			sourceTree = "<group>";
		};
		99C262061A7A243C0070CCCC /* 01-Assets */ = {
			isa = PBXGroup;
			children = (
			);
			path = "01-Assets";
			sourceTree = "<group>";
		};
		99C262071A7A243C0070CCCC /* 02-StoryBoards */ = {
			isa = PBXGroup;
			children = (
				99C262081A7A243C0070CCCC /* Main.storyboard */,
			);
			path = "02-StoryBoards";
			sourceTree = "<group>";
		};
		99C262091A7A243C0070CCCC /* 03-HTML */ = {
			isa = PBXGroup;
			children = (
			);
			path = "03-HTML";
			sourceTree = "<group>";
		};
		99C2620A1A7A243C0070CCCC /* 04-DataBases */ = {
			isa = PBXGroup;
			children = (
			);
			path = "04-DataBases";
			sourceTree = "<group>";
		};
		99C2620B1A7A243C0070CCCC /* 07-ViewControllers */ = {
			isa = PBXGroup;
			children = (
				99C2620C1A7A243C0070CCCC /* 00-BaseViewController */,
				99C262131A7A243C0070CCCC /* TBViewController.h */,
				99C262141A7A243C0070CCCC /* TBViewController.m */,
			);
			path = "07-ViewControllers";
			sourceTree = "<group>";
		};
		99C2620C1A7A243C0070CCCC /* 00-BaseViewController */ = {
			isa = PBXGroup;
			children = (
				99C2620D1A7A243C0070CCCC /* TBBaseViewController+Model.h */,
				99C2620E1A7A243C0070CCCC /* TBBaseViewController+Model.m */,
				99C2620F1A7A243C0070CCCC /* TBBaseViewController+View.h */,
				99C262101A7A243C0070CCCC /* TBBaseViewController+View.m */,
				99C262111A7A243C0070CCCC /* TBBaseViewController.h */,
				99C262121A7A243C0070CCCC /* TBBaseViewController.m */,
			);
			path = "00-BaseViewController";
			sourceTree = "<group>";
		};
		99D37D3F1A7A25E200617AEF /* Utils */ = {
			isa = PBXGroup;
			children = (
				99D37D401A7A25E200617AEF /* NSArray+TBCore.h */,
				99D37D411A7A25E200617AEF /* NSArray+TBCore.m */,
				99D37D421A7A25E200617AEF /* NSDictionary+TDCore.h */,
				99D37D431A7A25E200617AEF /* NSDictionary+TDCore.m */,
				99D37D441A7A25E200617AEF /* NSString+TBCore.h */,
				99D37D451A7A25E200617AEF /* NSString+TBCore.m */,
				99D37D461A7A25E200617AEF /* README.md */,
			);
			path = Utils;
			sourceTree = "<group>";
		};
/* End PBXGroup section */

/* Begin PBXNativeTarget section */
		99B19EA21A67E77900FA69CC /* TeamplateProject */ = {
			isa = PBXNativeTarget;
			buildConfigurationList = 99B19ED51A67E77A00FA69CC /* Build configuration list for PBXNativeTarget "TeamplateProject" */;
			buildPhases = (
				99B19E9F1A67E77900FA69CC /* Sources */,
				99B19EA01A67E77900FA69CC /* Frameworks */,
				99B19EA11A67E77900FA69CC /* Resources */,
			);
			buildRules = (
			);
			dependencies = (
			);
			name = TeamplateProject;
			productName = TeamplateProject;
			productReference = 99B19EA31A67E77900FA69CC /* TeamplateProject.app */;
			productType = "com.apple.product-type.application";
		};
		99B19EC31A67E77A00FA69CC /* TeamplateProjectTests */ = {
			isa = PBXNativeTarget;
			buildConfigurationList = 99B19ED81A67E77A00FA69CC /* Build configuration list for PBXNativeTarget "TeamplateProjectTests" */;
			buildPhases = (
				99B19EC01A67E77A00FA69CC /* Sources */,
				99B19EC11A67E77A00FA69CC /* Frameworks */,
				99B19EC21A67E77A00FA69CC /* Resources */,
			);
			buildRules = (
			);
			dependencies = (
				99B19ECA1A67E77A00FA69CC /* PBXTargetDependency */,
			);
			name = TeamplateProjectTests;
			productName = TeamplateProjectTests;
			productReference = 99B19EC41A67E77A00FA69CC /* TeamplateProjectTests.xctest */;
			productType = "com.apple.product-type.bundle.unit-test";
		};
/* End PBXNativeTarget section */

/* Begin PBXProject section */
		99B19E9B1A67E77900FA69CC /* Project object */ = {
			isa = PBXProject;
			attributes = {
				CLASSPREFIX = TB;
				LastUpgradeCheck = 0510;
				ORGANIZATIONNAME = QsoftVietNam;
				TargetAttributes = {
					99B19EC31A67E77A00FA69CC = {
						TestTargetID = 99B19EA21A67E77900FA69CC;
					};
				};
			};
			buildConfigurationList = 99B19E9E1A67E77900FA69CC /* Build configuration list for PBXProject "TeamplateProject" */;
			compatibilityVersion = "Xcode 3.2";
			developmentRegion = English;
			hasScannedForEncodings = 0;
			knownRegions = (
				en,
				Base,
			);
			mainGroup = 99B19E9A1A67E77900FA69CC;
			productRefGroup = 99B19EA41A67E77900FA69CC /* Products */;
			projectDirPath = "";
			projectRoot = "";
			targets = (
				99B19EA21A67E77900FA69CC /* TeamplateProject */,
				99B19EC31A67E77A00FA69CC /* TeamplateProjectTests */,
			);
		};
/* End PBXProject section */

/* Begin PBXResourcesBuildPhase section */
		99B19EA11A67E77900FA69CC /* Resources */ = {
			isa = PBXResourcesBuildPhase;
			buildActionMask = 2147483647;
			files = (
				9937F60F1A7A439D001ED8A8 /* .gitignore in Resources */,
				99C262161A7A243C0070CCCC /* Main.storyboard in Resources */,
				99B19EBF1A67E77900FA69CC /* Images.xcassets in Resources */,
				99B19EB11A67E77900FA69CC /* InfoPlist.strings in Resources */,
			);
			runOnlyForDeploymentPostprocessing = 0;
		};
		99B19EC21A67E77A00FA69CC /* Resources */ = {
			isa = PBXResourcesBuildPhase;
			buildActionMask = 2147483647;
			files = (
				99B19ED01A67E77A00FA69CC /* InfoPlist.strings in Resources */,
			);
			runOnlyForDeploymentPostprocessing = 0;
		};
/* End PBXResourcesBuildPhase section */

/* Begin PBXSourcesBuildPhase section */
		99B19E9F1A67E77900FA69CC /* Sources */ = {
			isa = PBXSourcesBuildPhase;
			buildActionMask = 2147483647;
			files = (
				9937F6121A7A439D001ED8A8 /* UIViewController+TDLog.m in Sources */,
				993ECCC61A7A2AA500861DE2 /* TBUserDefault.m in Sources */,
				99C2621A1A7A243C0070CCCC /* TBViewController.m in Sources */,
				99D37D471A7A25E200617AEF /* NSArray+TBCore.m in Sources */,
				99D37D4A1A7A25E200617AEF /* README.md in Sources */,
				99D37D4D1A7A26BF00617AEF /* TBHelpers.m in Sources */,
				99C262151A7A243C0070CCCC /* TBAppDelegate.m in Sources */,
				99D37D481A7A25E200617AEF /* NSDictionary+TDCore.m in Sources */,
				99B19EB31A67E77900FA69CC /* main.m in Sources */,
				9937F6101A7A439D001ED8A8 /* NSObject+File.m in Sources */,
				99D37D491A7A25E200617AEF /* NSString+TBCore.m in Sources */,
				9937F6111A7A439D001ED8A8 /* README.md in Sources */,
				99C262181A7A243C0070CCCC /* TBBaseViewController+View.m in Sources */,
				99C262191A7A243C0070CCCC /* TBBaseViewController.m in Sources */,
				99C262171A7A243C0070CCCC /* TBBaseViewController+Model.m in Sources */,
			);
			runOnlyForDeploymentPostprocessing = 0;
		};
		99B19EC01A67E77A00FA69CC /* Sources */ = {
			isa = PBXSourcesBuildPhase;
			buildActionMask = 2147483647;
			files = (
				99B19ED21A67E77A00FA69CC /* TeamplateProjectTests.m in Sources */,
			);
			runOnlyForDeploymentPostprocessing = 0;
		};
/* End PBXSourcesBuildPhase section */

/* Begin PBXTargetDependency section */
		99B19ECA1A67E77A00FA69CC /* PBXTargetDependency */ = {
			isa = PBXTargetDependency;
			target = 99B19EA21A67E77900FA69CC /* TeamplateProject */;
			targetProxy = 99B19EC91A67E77A00FA69CC /* PBXContainerItemProxy */;
		};
/* End PBXTargetDependency section */

/* Begin PBXVariantGroup section */
		99B19EAF1A67E77900FA69CC /* InfoPlist.strings */ = {
			isa = PBXVariantGroup;
			children = (
				99B19EB01A67E77900FA69CC /* en */,
			);
			name = InfoPlist.strings;
			sourceTree = "<group>";
		};
		99B19ECE1A67E77A00FA69CC /* InfoPlist.strings */ = {
			isa = PBXVariantGroup;
			children = (
				99B19ECF1A67E77A00FA69CC /* en */,
			);
			name = InfoPlist.strings;
			sourceTree = "<group>";
		};
/* End PBXVariantGroup section */

/* Begin XCBuildConfiguration section */
		99B19ED31A67E77A00FA69CC /* Debug */ = {
			isa = XCBuildConfiguration;
			buildSettings = {
				ALWAYS_SEARCH_USER_PATHS = NO;
				CLANG_CXX_LANGUAGE_STANDARD = "gnu++0x";
				CLANG_CXX_LIBRARY = "libc++";
				CLANG_ENABLE_MODULES = YES;
				CLANG_ENABLE_OBJC_ARC = YES;
				CLANG_WARN_BOOL_CONVERSION = YES;
				CLANG_WARN_CONSTANT_CONVERSION = YES;
				CLANG_WARN_DIRECT_OBJC_ISA_USAGE = YES_ERROR;
				CLANG_WARN_EMPTY_BODY = YES;
				CLANG_WARN_ENUM_CONVERSION = YES;
				CLANG_WARN_INT_CONVERSION = YES;
				CLANG_WARN_OBJC_ROOT_CLASS = YES_ERROR;
				CLANG_WARN__DUPLICATE_METHOD_MATCH = YES;
				"CODE_SIGN_IDENTITY[sdk=iphoneos*]" = "iPhone Developer";
				COPY_PHASE_STRIP = NO;
				GCC_C_LANGUAGE_STANDARD = gnu99;
				GCC_DYNAMIC_NO_PIC = NO;
				GCC_OPTIMIZATION_LEVEL = 0;
				GCC_PREPROCESSOR_DEFINITIONS = (
					"DEBUG=1",
					"$(inherited)",
				);
				GCC_SYMBOLS_PRIVATE_EXTERN = NO;
				GCC_WARN_64_TO_32_BIT_CONVERSION = YES;
				GCC_WARN_ABOUT_RETURN_TYPE = YES_ERROR;
				GCC_WARN_UNDECLARED_SELECTOR = YES;
				GCC_WARN_UNINITIALIZED_AUTOS = YES_AGGRESSIVE;
				GCC_WARN_UNUSED_FUNCTION = YES;
				GCC_WARN_UNUSED_VARIABLE = YES;
				IPHONEOS_DEPLOYMENT_TARGET = 7.1;
				ONLY_ACTIVE_ARCH = YES;
				SDKROOT = iphoneos;
			};
			name = Debug;
		};
		99B19ED41A67E77A00FA69CC /* Release */ = {
			isa = XCBuildConfiguration;
			buildSettings = {
				ALWAYS_SEARCH_USER_PATHS = NO;
				CLANG_CXX_LANGUAGE_STANDARD = "gnu++0x";
				CLANG_CXX_LIBRARY = "libc++";
				CLANG_ENABLE_MODULES = YES;
				CLANG_ENABLE_OBJC_ARC = YES;
				CLANG_WARN_BOOL_CONVERSION = YES;
				CLANG_WARN_CONSTANT_CONVERSION = YES;
				CLANG_WARN_DIRECT_OBJC_ISA_USAGE = YES_ERROR;
				CLANG_WARN_EMPTY_BODY = YES;
				CLANG_WARN_ENUM_CONVERSION = YES;
				CLANG_WARN_INT_CONVERSION = YES;
				CLANG_WARN_OBJC_ROOT_CLASS = YES_ERROR;
				CLANG_WARN__DUPLICATE_METHOD_MATCH = YES;
				"CODE_SIGN_IDENTITY[sdk=iphoneos*]" = "iPhone Developer";
				COPY_PHASE_STRIP = YES;
				ENABLE_NS_ASSERTIONS = NO;
				GCC_C_LANGUAGE_STANDARD = gnu99;
				GCC_WARN_64_TO_32_BIT_CONVERSION = YES;
				GCC_WARN_ABOUT_RETURN_TYPE = YES_ERROR;
				GCC_WARN_UNDECLARED_SELECTOR = YES;
				GCC_WARN_UNINITIALIZED_AUTOS = YES_AGGRESSIVE;
				GCC_WARN_UNUSED_FUNCTION = YES;
				GCC_WARN_UNUSED_VARIABLE = YES;
				IPHONEOS_DEPLOYMENT_TARGET = 7.1;
				SDKROOT = iphoneos;
				VALIDATE_PRODUCT = YES;
			};
			name = Release;
		};
		99B19ED61A67E77A00FA69CC /* Debug */ = {
			isa = XCBuildConfiguration;
			buildSettings = {
				ASSETCATALOG_COMPILER_APPICON_NAME = AppIcon;
				ASSETCATALOG_COMPILER_LAUNCHIMAGE_NAME = LaunchImage;
				GCC_PRECOMPILE_PREFIX_HEADER = YES;
				GCC_PREFIX_HEADER = "TeamplateProject/TeamplateProject-Prefix.pch";
				INFOPLIST_FILE = "TeamplateProject/TeamplateProject-Info.plist";
				PRODUCT_NAME = "$(TARGET_NAME)";
				WRAPPER_EXTENSION = app;
			};
			name = Debug;
		};
		99B19ED71A67E77A00FA69CC /* Release */ = {
			isa = XCBuildConfiguration;
			buildSettings = {
				ASSETCATALOG_COMPILER_APPICON_NAME = AppIcon;
				ASSETCATALOG_COMPILER_LAUNCHIMAGE_NAME = LaunchImage;
				GCC_PRECOMPILE_PREFIX_HEADER = YES;
				GCC_PREFIX_HEADER = "TeamplateProject/TeamplateProject-Prefix.pch";
				INFOPLIST_FILE = "TeamplateProject/TeamplateProject-Info.plist";
				PRODUCT_NAME = "$(TARGET_NAME)";
				WRAPPER_EXTENSION = app;
			};
			name = Release;
		};
		99B19ED91A67E77A00FA69CC /* Debug */ = {
			isa = XCBuildConfiguration;
			buildSettings = {
				BUNDLE_LOADER = "$(BUILT_PRODUCTS_DIR)/TeamplateProject.app/TeamplateProject";
				FRAMEWORK_SEARCH_PATHS = (
					"$(SDKROOT)/Developer/Library/Frameworks",
					"$(inherited)",
					"$(DEVELOPER_FRAMEWORKS_DIR)",
				);
				GCC_PRECOMPILE_PREFIX_HEADER = YES;
				GCC_PREFIX_HEADER = "TeamplateProject/TeamplateProject-Prefix.pch";
				GCC_PREPROCESSOR_DEFINITIONS = (
					"DEBUG=1",
					"$(inherited)",
				);
				INFOPLIST_FILE = "TeamplateProjectTests/TeamplateProjectTests-Info.plist";
				PRODUCT_NAME = "$(TARGET_NAME)";
				TEST_HOST = "$(BUNDLE_LOADER)";
				WRAPPER_EXTENSION = xctest;
			};
			name = Debug;
		};
		99B19EDA1A67E77A00FA69CC /* Release */ = {
			isa = XCBuildConfiguration;
			buildSettings = {
				BUNDLE_LOADER = "$(BUILT_PRODUCTS_DIR)/TeamplateProject.app/TeamplateProject";
				FRAMEWORK_SEARCH_PATHS = (
					"$(SDKROOT)/Developer/Library/Frameworks",
					"$(inherited)",
					"$(DEVELOPER_FRAMEWORKS_DIR)",
				);
				GCC_PRECOMPILE_PREFIX_HEADER = YES;
				GCC_PREFIX_HEADER = "TeamplateProject/TeamplateProject-Prefix.pch";
				INFOPLIST_FILE = "TeamplateProjectTests/TeamplateProjectTests-Info.plist";
				PRODUCT_NAME = "$(TARGET_NAME)";
				TEST_HOST = "$(BUNDLE_LOADER)";
				WRAPPER_EXTENSION = xctest;
			};
			name = Release;
		};
/* End XCBuildConfiguration section */

/* Begin XCConfigurationList section */
		99B19E9E1A67E77900FA69CC /* Build configuration list for PBXProject "TeamplateProject" */ = {
			isa = XCConfigurationList;
			buildConfigurations = (
				99B19ED31A67E77A00FA69CC /* Debug */,
				99B19ED41A67E77A00FA69CC /* Release */,
			);
			defaultConfigurationIsVisible = 0;
			defaultConfigurationName = Release;
		};
		99B19ED51A67E77A00FA69CC /* Build configuration list for PBXNativeTarget "TeamplateProject" */ = {
			isa = XCConfigurationList;
			buildConfigurations = (
				99B19ED61A67E77A00FA69CC /* Debug */,
				99B19ED71A67E77A00FA69CC /* Release */,
			);
			defaultConfigurationIsVisible = 0;
			defaultConfigurationName = Release;
		};
		99B19ED81A67E77A00FA69CC /* Build configuration list for PBXNativeTarget "TeamplateProjectTests" */ = {
			isa = XCConfigurationList;
			buildConfigurations = (
				99B19ED91A67E77A00FA69CC /* Debug */,
				99B19EDA1A67E77A00FA69CC /* Release */,
			);
			defaultConfigurationIsVisible = 0;
			defaultConfigurationName = Release;
		};
/* End XCConfigurationList section */
	};
	rootObject = 99B19E9B1A67E77900FA69CC /* Project object */;
}
